
Microsoft Visual Studio Solution File, Format Version 12.00
# Visual Studio 15
VisualStudioVersion = 15.0.28307.572
MinimumVisualStudioVersion = 10.0.40219.1
Project("{FAE04EC0-301F-11D3-BF4B-00C04F79EFBC}") = "KeelPlugins", "KeelPlugins\KeelPlugins.csproj", "{FF724EAB-0E8A-43F0-88B2-828E2FD0F67B}"
EndProject
Global
	GlobalSection(SolutionConfigurationPlatforms) = preSolution
		Debug|Any CPU = Debug|Any CPU
		Release|Any CPU = Release|Any CPU
	EndGlobalSection
	GlobalSection(ProjectConfigurationPlatforms) = postSolution
		{FF724EAB-0E8A-43F0-88B2-828E2FD0F67B}.Debug|Any CPU.ActiveCfg = Debug|Any CPU
		{FF724EAB-0E8A-43F0-88B2-828E2FD0F67B}.Debug|Any CPU.Build.0 = Debug|Any CPU
		{FF724EAB-0E8A-43F0-88B2-828E2FD0F67B}.Release|Any CPU.ActiveCfg = Release|Any CPU
		{FF724EAB-0E8A-43F0-88B2-828E2FD0F67B}.Release|Any CPU.Build.0 = Release|Any CPU
	EndGlobalSection
	GlobalSection(SolutionProperties) = preSolution
		HideSolutionNode = FALSE
	EndGlobalSection
	GlobalSection(ExtensibilityGlobals) = postSolution
		SolutionGuid = {CECC9C6B-8041-49A1-B7FD-DC89264B7393}
	EndGlobalSection
EndGlobal
