
Microsoft Visual Studio Solution File, Format Version 12.00
# Visual Studio Version 17
VisualStudioVersion = 17.3.32825.248
MinimumVisualStudioVersion = 10.0.40219.1
Project("{2150E333-8FDC-42A3-9474-1A3956D46DE8}") = "LockOnPlugin", "LockOnPlugin", "{FAF05F03-1080-46D3-AB9B-C67556251D3A}"
EndProject
Project("{D954291E-2A0B-460D-934E-DC6B0785DB48}") = "LockOnPlugin.Core", "src\LockOnPlugin.Core\LockOnPlugin.Core.shproj", "{073D65BA-9BB7-4386-9B01-F86FA6DF6984}"
EndProject
Project("{9A19103F-16F7-4668-BE54-9A1E7A4F7556}") = "LockOnPlugin.Koikatu", "src\LockOnPlugin.Koikatu\LockOnPlugin.Koikatu.csproj", "{0902BF3D-81D2-4AEE-AB32-EF238F15052E}"
EndProject
Project("{D954291E-2A0B-460D-934E-DC6B0785DB48}") = "Common.Core", "src\Common.Core\Common.Core.shproj", "{DD7D6945-54A6-4190-8F49-46A189EE32CD}"
EndProject
Project("{D954291E-2A0B-460D-934E-DC6B0785DB48}") = "Common.Koikatu", "src\Common.Koikatu\Common.Koikatu.shproj", "{5FC98374-508A-40B7-B4E1-EDB3B1D482F6}"
EndProject
Project("{2150E333-8FDC-42A3-9474-1A3956D46DE8}") = "archive", "archive", "{AD19F107-FED6-4ABD-B57E-1D584CCF0EC1}"
	ProjectSection(SolutionItems) = preProject
		archive\AssetHelper.cs = archive\AssetHelper.cs
		archive\BoundsUtils.cs = archive\BoundsUtils.cs
		archive\DragManager.cs = archive\DragManager.cs
		archive\FreeHControl.cs = archive\FreeHControl.cs
		archive\SelfieCam.cs = archive\SelfieCam.cs
		archive\ShadowRealm.cs = archive\ShadowRealm.cs
		archive\StudioUX.cs = archive\StudioUX.cs
		archive\Unlocker.cs = archive\Unlocker.cs
	EndProjectSection
EndProject
Project("{9A19103F-16F7-4668-BE54-9A1E7A4F7556}") = "CharaStateX.Koikatu", "src\CharaStateX.Koikatu\CharaStateX.Koikatu.csproj", "{C9703EB1-626B-4D1D-AEB9-42E7CC0E4220}"
EndProject
Project("{9A19103F-16F7-4668-BE54-9A1E7A4F7556}") = "DefaultParamEditor.Koikatu", "src\DefaultParamEditor.Koikatu\DefaultParamEditor.Koikatu.csproj", "{EFE42A5E-391C-4261-8B4A-9C9FB5AAB9D8}"
EndProject
Project("{9A19103F-16F7-4668-BE54-9A1E7A4F7556}") = "ItemLayerEdit.Koikatu", "src\ItemLayerEdit.Koikatu\ItemLayerEdit.Koikatu.csproj", "{A9A5B556-B590-4948-9E89-87D38623DAF1}"
EndProject
Project("{2150E333-8FDC-42A3-9474-1A3956D46DE8}") = "LightManager", "LightManager", "{21652626-F032-4986-B258-C36B4C9115E7}"
EndProject
Project("{2150E333-8FDC-42A3-9474-1A3956D46DE8}") = "MakerBridge", "MakerBridge", "{17FF704B-6D86-4F64-8052-123DC8C2AC0A}"
EndProject
Project("{2150E333-8FDC-42A3-9474-1A3956D46DE8}") = "TitleShortcuts", "TitleShortcuts", "{E462D3D8-0715-45C9-869C-F1FA8CD2F5CD}"
EndProject
Project("{D954291E-2A0B-460D-934E-DC6B0785DB48}") = "LightManager.Core", "src\LightManager.Core\LightManager.Core.shproj", "{D2938A42-199F-4A5B-8C9B-6592E9E53424}"
EndProject
Project("{9A19103F-16F7-4668-BE54-9A1E7A4F7556}") = "LightManager.Koikatu", "src\LightManager.Koikatu\LightManager.Koikatu.csproj", "{9495FFE8-C90D-44E6-AE4F-A21506594AAD}"
EndProject
Project("{9A19103F-16F7-4668-BE54-9A1E7A4F7556}") = "MakerBridge.Koikatu", "src\MakerBridge.Koikatu\MakerBridge.Koikatu.csproj", "{858D3C30-B4C8-4C81-88E3-D569B61B0443}"
EndProject
Project("{D954291E-2A0B-460D-934E-DC6B0785DB48}") = "MakerBridge.Core", "src\MakerBridge.Core\MakerBridge.Core.shproj", "{3B6CD84F-6327-46B6-91E1-5EB972BC60FE}"
EndProject
Project("{9A19103F-16F7-4668-BE54-9A1E7A4F7556}") = "TitleShortcuts.Koikatu", "src\TitleShortcuts.Koikatu\TitleShortcuts.Koikatu.csproj", "{CA3A790C-911E-441B-B9C6-4D45DCB9882E}"
EndProject
Project("{D954291E-2A0B-460D-934E-DC6B0785DB48}") = "UIUtility", "src\UIUtility\UIUtility.shproj", "{7F30866A-1B8B-40F1-8960-0E203EEDE225}"
EndProject
Project("{9A19103F-16F7-4668-BE54-9A1E7A4F7556}") = "AltAutoMode.PlayHome", "src\AltAutoMode.PlayHome\AltAutoMode.PlayHome.csproj", "{97B9EDBF-3152-47DB-8240-69818972E177}"
EndProject
Project("{D954291E-2A0B-460D-934E-DC6B0785DB48}") = "Common.PlayHome", "src\Common.PlayHome\Common.PlayHome.shproj", "{624F7C3F-0557-4FA6-A915-C99C5A40A851}"
EndProject
Project("{D954291E-2A0B-460D-934E-DC6B0785DB48}") = "Common.HoneySelect", "src\Common.HoneySelect\Common.HoneySelect.shproj", "{A19F5B25-6318-4323-93C8-B27F0343E582}"
EndProject
Project("{9A19103F-16F7-4668-BE54-9A1E7A4F7556}") = "SoundEffects.PlayHome", "src\SoundEffects.PlayHome\SoundEffects.PlayHome.csproj", "{55D59483-E493-40CA-9FD6-538063647F38}"
EndProject
Project("{2150E333-8FDC-42A3-9474-1A3956D46DE8}") = "RealPOV", "RealPOV", "{58AAB72D-86B3-4445-B25E-62D6A7FF1237}"
EndProject
Project("{9A19103F-16F7-4668-BE54-9A1E7A4F7556}") = "RealPOV.PlayHome", "src\RealPOV.PlayHome\RealPOV.PlayHome.csproj", "{4AEB033D-D953-4E02-9274-CB44160E6B7F}"
EndProject
Project("{9A19103F-16F7-4668-BE54-9A1E7A4F7556}") = "RealPOV.Koikatu", "src\RealPOV.Koikatu\RealPOV.Koikatu.csproj", "{F6C012F1-F0BC-4B65-999D-8939DA4B2DD5}"
EndProject
Project("{D954291E-2A0B-460D-934E-DC6B0785DB48}") = "RealPOV.Core", "src\RealPOV.Core\RealPOV.Core.shproj", "{A52280CD-3CC4-452A-8C11-67E440E0262F}"
EndProject
Project("{9A19103F-16F7-4668-BE54-9A1E7A4F7556}") = "BlendShaper.Koikatu", "src\BlendShaper.Koikatu\BlendShaper.Koikatu.csproj", "{2CBE1772-D2A2-40A5-8014-81904AAB9781}"
EndProject
Project("{9A19103F-16F7-4668-BE54-9A1E7A4F7556}") = "StudioAddonLite.Koikatu", "src\StudioAddonLite.Koikatu\StudioAddonLite.Koikatu.csproj", "{124A215F-69B4-4310-98DE-209FAFE16D44}"
EndProject
Project("{9A19103F-16F7-4668-BE54-9A1E7A4F7556}") = "TitleShortcuts.HoneySelect", "src\TitleShortcuts.HoneySelect\TitleShortcuts.HoneySelect.csproj", "{5A7AE896-F7D0-4300-831B-CDD21A770E21}"
EndProject
Project("{D954291E-2A0B-460D-934E-DC6B0785DB48}") = "TitleShortcuts.Core", "src\TitleShortcuts.Core\TitleShortcuts.Core.shproj", "{4D175C74-23CC-45DB-8225-537DB7E33142}"
EndProject
Project("{2150E333-8FDC-42A3-9474-1A3956D46DE8}") = "src", "src", "{BA55B5E5-B0FD-465F-93F2-D73BD193AC86}"
	ProjectSection(SolutionItems) = preProject
		src\BuildSettings.AiSyoujyo.props = src\BuildSettings.AiSyoujyo.props
		src\BuildSettings.Common.props = src\BuildSettings.Common.props
		src\BuildSettings.HoneySelect.props = src\BuildSettings.HoneySelect.props
		src\BuildSettings.HoneySelect2.props = src\BuildSettings.HoneySelect2.props
		src\BuildSettings.KoikatsuSunshine.props = src\BuildSettings.KoikatsuSunshine.props
		src\BuildSettings.Koikatu.props = src\BuildSettings.Koikatu.props
		src\BuildSettings.Patcher.props = src\BuildSettings.Patcher.props
		src\BuildSettings.PlayHome.props = src\BuildSettings.PlayHome.props
		src\SkipAllRefs.targets = src\SkipAllRefs.targets
	EndProjectSection
EndProject
Project("{9A19103F-16F7-4668-BE54-9A1E7A4F7556}") = "AnimeAssAssistant.Koikatu", "src\AnimeAssAssistant.Koikatu\AnimeAssAssistant.Koikatu.csproj", "{394BC9B7-DB38-4172-9B2C-60918E87B763}"
EndProject
Project("{9A19103F-16F7-4668-BE54-9A1E7A4F7556}") = "TitleShortcuts.AISyoujyo", "src\TitleShortcuts.AISyoujyo\TitleShortcuts.AISyoujyo.csproj", "{0F9AA09D-DCF3-41DE-8028-61735024FE80}"
EndProject
Project("{D954291E-2A0B-460D-934E-DC6B0785DB48}") = "Common.AISyoujyo", "src\Common.AISyoujyo\Common.AISyoujyo.shproj", "{5837FDE8-4B7C-431B-9402-3D8019F7BF37}"
EndProject
Project("{9A19103F-16F7-4668-BE54-9A1E7A4F7556}") = "CameraFrameMask.Koikatu", "src\CameraFrameMask.Koikatu\CameraFrameMask.Koikatu.csproj", "{558ED2D2-7FB3-4EEC-B280-46DECBE4EC3C}"
EndProject
Project("{9A19103F-16F7-4668-BE54-9A1E7A4F7556}") = "EyeLookEditor.Koikatu", "src\EyeLookEditor.Koikatu\EyeLookEditor.Koikatu.csproj", "{6D058450-09B2-4D25-903F-9AE3A75DF066}"
EndProject
Project("{9A19103F-16F7-4668-BE54-9A1E7A4F7556}") = "DefaultStudioScene.Koikatu", "src\DefaultStudioScene.Koikatu\DefaultStudioScene.Koikatu.csproj", "{80C73B5C-D95E-4706-A7D8-48C79937283C}"
EndProject
Project("{9A19103F-16F7-4668-BE54-9A1E7A4F7556}") = "UnityLogFilter", "src\UnityLogFilter\UnityLogFilter.csproj", "{C8DE4A42-1B6C-4E58-985E-76972009A8BF}"
EndProject
Project("{9A19103F-16F7-4668-BE54-9A1E7A4F7556}") = "BetterSceneLoader.Koikatu", "src\BetterSceneLoader.Koikatu\BetterSceneLoader.Koikatu.csproj", "{6EE11F86-3DA2-4454-ACCA-8A9068CC7B7C}"
EndProject
Project("{2150E333-8FDC-42A3-9474-1A3956D46DE8}") = "BetterSceneLoader", "BetterSceneLoader", "{8C9D88EC-5F03-43EF-8954-B54144A5089C}"
EndProject
Project("{D954291E-2A0B-460D-934E-DC6B0785DB48}") = "BetterSceneLoader.Core", "src\BetterSceneLoader.Core\BetterSceneLoader.Core.shproj", "{65D1DEFC-6733-47F3-84F8-1609C596FA5B}"
EndProject
Project("{9A19103F-16F7-4668-BE54-9A1E7A4F7556}") = "BetterSceneLoader.HoneySelect", "src\BetterSceneLoader.HoneySelect\BetterSceneLoader.HoneySelect.csproj", "{10906E95-5D65-476F-AFB3-5DB81DF04C27}"
EndProject
Project("{9A19103F-16F7-4668-BE54-9A1E7A4F7556}") = "BetterSceneLoader.HoneySelect2", "src\BetterSceneLoader.HoneySelect2\BetterSceneLoader.HoneySelect2.csproj", "{8B9E7744-8345-46E9-96B7-13B0269819CC}"
EndProject
Project("{D954291E-2A0B-460D-934E-DC6B0785DB48}") = "Common.HoneySelect2", "src\Common.HoneySelect2\Common.HoneySelect2.shproj", "{F452236D-9FF5-4897-8EE8-DA0C1D49974D}"
EndProject
Project("{2150E333-8FDC-42A3-9474-1A3956D46DE8}") = "repo", "repo", "{29232F8B-47DA-426C-96D0-2BB0978765E2}"
	ProjectSection(SolutionItems) = preProject
		.editorconfig = .editorconfig
		.gitignore = .gitignore
		LICENSE = LICENSE
		nuget.config = nuget.config
		README.md = README.md
	EndProjectSection
EndProject
Project("{9A19103F-16F7-4668-BE54-9A1E7A4F7556}") = "ClothingStateMenuX.Koikatu", "src\ClothingStateMenuX.Koikatu\ClothingStateMenuX.Koikatu.csproj", "{F927C67B-778F-4144-92E4-2AE745790893}"
EndProject
Project("{D954291E-2A0B-460D-934E-DC6B0785DB48}") = "Common.Unity", "src\Common.Unity\Common.Unity.shproj", "{50994AF9-8369-47A9-A33A-37650E4B454E}"
EndProject
Project("{D954291E-2A0B-460D-934E-DC6B0785DB48}") = "Common.Utils", "src\Common.Utils\Common.Utils.shproj", "{AFC4EE66-2891-439A-925A-BAF22553E1BA}"
EndProject
Project("{D954291E-2A0B-460D-934E-DC6B0785DB48}") = "Common.Harmony", "src\Common.Harmony\Common.Harmony.shproj", "{81E73402-3A7E-4ED3-B990-33C1B31FC205}"
EndProject
Project("{9A19103F-16F7-4668-BE54-9A1E7A4F7556}") = "ModLoader.PlayHome", "src\ModLoader.PlayHome\ModLoader.PlayHome.csproj", "{6F020ABD-6784-47E7-9526-1E8A83998942}"
EndProject
Project("{9A19103F-16F7-4668-BE54-9A1E7A4F7556}") = "FavoriteCards.Koikatu", "src\FavoriteCards.Koikatu\FavoriteCards.Koikatu.csproj", "{5079FB78-01FB-4A54-A0F7-04AA79A8DE7E}"
EndProject
Project("{2150E333-8FDC-42A3-9474-1A3956D46DE8}") = "AltAutoMode", "AltAutoMode", "{580B8BB3-AD49-4DCE-850C-49DF209263F4}"
EndProject
Project("{2150E333-8FDC-42A3-9474-1A3956D46DE8}") = "AnimeAssAssistant", "AnimeAssAssistant", "{5EFF8F21-DA17-4E53-A5CE-E44992A6ACCC}"
EndProject
Project("{2150E333-8FDC-42A3-9474-1A3956D46DE8}") = "BlendShaper", "BlendShaper", "{27ABF983-5523-4A86-8F7C-1502C49D343E}"
EndProject
Project("{2150E333-8FDC-42A3-9474-1A3956D46DE8}") = "CameraFrameMask", "CameraFrameMask", "{28C62819-4103-45B7-9115-C6C559D12964}"
EndProject
Project("{2150E333-8FDC-42A3-9474-1A3956D46DE8}") = "CharaStateX", "CharaStateX", "{4538FA39-E1EE-41A4-BB94-D3323B7B8286}"
EndProject
Project("{2150E333-8FDC-42A3-9474-1A3956D46DE8}") = "ClothingStateMenuX", "ClothingStateMenuX", "{1D5A23BB-7E05-42BF-AD34-DF616BC2E787}"
EndProject
Project("{2150E333-8FDC-42A3-9474-1A3956D46DE8}") = "DefaultParamEditor", "DefaultParamEditor", "{4A22457A-107B-4D71-9338-8D58677305DD}"
EndProject
Project("{2150E333-8FDC-42A3-9474-1A3956D46DE8}") = "DefaultStudioScene", "DefaultStudioScene", "{A41DE533-BC37-42DC-8EA3-7433E91AB0CE}"
EndProject
Project("{2150E333-8FDC-42A3-9474-1A3956D46DE8}") = "EyeLookEditor", "EyeLookEditor", "{EDF802BE-DFA7-45C5-A960-3B2E96EE8143}"
EndProject
Project("{2150E333-8FDC-42A3-9474-1A3956D46DE8}") = "FavoriteCards", "FavoriteCards", "{1352BF50-BCE5-40F7-9F2E-46A3EC4CC0D3}"
EndProject
Project("{2150E333-8FDC-42A3-9474-1A3956D46DE8}") = "ItemLayerEdit", "ItemLayerEdit", "{FD39F147-F3C9-47AD-A511-96BC42F1894B}"
EndProject
Project("{2150E333-8FDC-42A3-9474-1A3956D46DE8}") = "ModLoader", "ModLoader", "{D4027038-4ED4-432B-B232-0551B72723DD}"
EndProject
Project("{2150E333-8FDC-42A3-9474-1A3956D46DE8}") = "SoundEffects", "SoundEffects", "{B48D1D9B-DF53-4878-BD38-E11780ACEFD6}"
EndProject
Project("{2150E333-8FDC-42A3-9474-1A3956D46DE8}") = "StudioAddonLite", "StudioAddonLite", "{1B2C3D67-2605-48A8-B6B0-2D65A40BFAC6}"
EndProject
Project("{2150E333-8FDC-42A3-9474-1A3956D46DE8}") = "FreeHDefaults", "FreeHDefaults", "{A541BB96-39B7-44C7-98A1-C934EFBD52AE}"
EndProject
Project("{9A19103F-16F7-4668-BE54-9A1E7A4F7556}") = "FreeHDefaults.Koikatu", "src\FreeHDefaults.Koikatu\FreeHDefaults.Koikatu.csproj", "{A24E1F1F-16DE-46CC-9B90-65F0F60F3FBA}"
EndProject
Project("{9A19103F-16F7-4668-BE54-9A1E7A4F7556}") = "AssOverride", "src\AssOverride\AssOverride.csproj", "{9C4AE49D-6960-4AA0-B41F-3BE11A61DB2E}"
EndProject
Project("{9A19103F-16F7-4668-BE54-9A1E7A4F7556}") = "RealPOV.KoikatsuSunshine", "src\RealPOV.KoikatsuSunshine\RealPOV.KoikatsuSunshine.csproj", "{0DFA53AB-37B6-4ACA-B5D2-4441F62CC15A}"
EndProject
Project("{D954291E-2A0B-460D-934E-DC6B0785DB48}") = "Common.KoikatsuSunshine", "src\Common.KoikatsuSunshine\Common.KoikatsuSunshine.shproj", "{D0C39DE2-D3E6-46BF-8A32-19250BF4F2D4}"
EndProject
Project("{D954291E-2A0B-460D-934E-DC6B0785DB48}") = "RealPOV.Core.Koikatu", "src\RealPOV.Core.Koikatu\RealPOV.Core.Koikatu.shproj", "{5034D4DD-F7D2-45C7-893F-9955098BFF4B}"
EndProject
Project("{FAE04EC0-301F-11D3-BF4B-00C04F79EFBC}") = "CameraFrameMask.KoikatuSunshine", "src\CameraFrameMask.KoikatuSunshine\CameraFrameMask.KoikatuSunshine.csproj", "{869B9D19-89CC-47D4-9D8C-D0542A422B9A}"
EndProject
Project("{D954291E-2A0B-460D-934E-DC6B0785DB48}") = "CameraFrameMask.Core", "src\CameraFrameMask.Core\CameraFrameMask.Core.shproj", "{327037CF-62F6-46C0-9E7C-4D46BED9E56B}"
EndProject
Project("{D954291E-2A0B-460D-934E-DC6B0785DB48}") = "CharaStateX.Core", "src\CharaStateX.Core\CharaStateX.Core.shproj", "{66EDEDB6-34F2-4613-A6FF-450341DA94CE}"
EndProject
Project("{FAE04EC0-301F-11D3-BF4B-00C04F79EFBC}") = "CharaStateX.KoikatuSunshine", "src\CharaStateX.KoikatuSunshine\CharaStateX.KoikatuSunshine.csproj", "{8627399A-2F2D-4189-AF7C-FC83345E148A}"
EndProject
Project("{FAE04EC0-301F-11D3-BF4B-00C04F79EFBC}") = "DefaultParamEditor.KoikatuSunshine", "src\DefaultParamEditor.KoikatuSunshine\DefaultParamEditor.KoikatuSunshine.csproj", "{0D28AB7E-CC4C-4EC5-B322-876641D7426B}"
EndProject
Project("{D954291E-2A0B-460D-934E-DC6B0785DB48}") = "DefaultParamEditor.Core", "src\DefaultParamEditor.Core\DefaultParamEditor.Core.shproj", "{30236263-C659-45EC-9A6C-7947830BB343}"
EndProject
Project("{D954291E-2A0B-460D-934E-DC6B0785DB48}") = "ItemLayerEdit.Core", "src\ItemLayerEdit.Core\ItemLayerEdit.Core.shproj", "{6AF96840-64FA-43DA-93CA-43D5AF47FD60}"
EndProject
Project("{FAE04EC0-301F-11D3-BF4B-00C04F79EFBC}") = "ItemLayerEdit.KoikatuSunshine", "src\ItemLayerEdit.KoikatuSunshine\ItemLayerEdit.KoikatuSunshine.csproj", "{E696AB96-E970-4F15-B9CE-911E0969C71B}"
EndProject
Project("{FAE04EC0-301F-11D3-BF4B-00C04F79EFBC}") = "MakerBridge.KoikatuSunshine", "src\MakerBridge.KoikatuSunshine\MakerBridge.KoikatuSunshine.csproj", "{F81D04E1-5FEC-4457-A694-E8C4AEABCDBB}"
EndProject
Project("{9A19103F-16F7-4668-BE54-9A1E7A4F7556}") = "LockOnPlugin.KoikatuSunshine", "src\LockOnPlugin.KoikatuSunshine\LockOnPlugin.KoikatuSunshine.csproj", "{E16FE139-DEEB-4659-A20C-242C03713347}"
EndProject
Project("{FAE04EC0-301F-11D3-BF4B-00C04F79EFBC}") = "StudioAddonLite.KoikatuSunshine", "src\StudioAddonLite.KoikatuSunshine\StudioAddonLite.KoikatuSunshine.csproj", "{CF849C91-B667-4196-B162-1635163F0476}"
EndProject
Project("{D954291E-2A0B-460D-934E-DC6B0785DB48}") = "StudioAddonLite.Core", "src\StudioAddonLite.Core\StudioAddonLite.Core.shproj", "{5A380F5E-DEBF-48E6-934F-593F20E93AA2}"
EndProject
Project("{FAE04EC0-301F-11D3-BF4B-00C04F79EFBC}") = "DefaultStudioScene.HoneySelect2", "src\DefaultStudioScene.HoneySelect2\DefaultStudioScene.HoneySelect2.csproj", "{736F80A7-88A4-4508-B6C7-B36FDD175AE4}"
EndProject
Project("{D954291E-2A0B-460D-934E-DC6B0785DB48}") = "DefaultStudioScene.Core", "src\DefaultStudioScene.Core\DefaultStudioScene.Core.shproj", "{45DEF5DD-3617-482E-842F-B53ED60F59B6}"
EndProject
Project("{FAE04EC0-301F-11D3-BF4B-00C04F79EFBC}") = "DefaultStudioScene.AISyoujyo", "src\DefaultStudioScene.AISyoujyo\DefaultStudioScene.AISyoujyo.csproj", "{0EFAD08F-D9A9-49A0-AAEB-A47E9B60FB91}"
EndProject
Project("{FAE04EC0-301F-11D3-BF4B-00C04F79EFBC}") = "ItemLayerEdit.HoneySelect2", "src\ItemLayerEdit.HoneySelect2\ItemLayerEdit.HoneySelect2.csproj", "{B026FAE9-1938-4650-B76B-E3810ED2C9CE}"
EndProject
Project("{FAE04EC0-301F-11D3-BF4B-00C04F79EFBC}") = "ItemLayerEdit.AISyoujyo", "src\ItemLayerEdit.AISyoujyo\ItemLayerEdit.AISyoujyo.csproj", "{57A8753A-3E34-478A-9AF4-746EFF566D6B}"
EndProject
Project("{9A19103F-16F7-4668-BE54-9A1E7A4F7556}") = "LightManager.KoikatuSunshine", "src\LightManager.KoikatuSunshine\LightManager.KoikatuSunshine.csproj", "{8C76020F-A387-4306-8FD3-AA4E7660C8C8}"
EndProject
Project("{9A19103F-16F7-4668-BE54-9A1E7A4F7556}") = "FreeHDefaults.KoikatuSunshine", "src\FreeHDefaults.KoikatuSunshine\FreeHDefaults.KoikatuSunshine.csproj", "{A7AFC683-C17F-4B97-8127-122BAD10FBE8}"
EndProject
Project("{D954291E-2A0B-460D-934E-DC6B0785DB48}") = "FreeHDefaults.Core", "src\FreeHDefaults.Core\FreeHDefaults.Core.shproj", "{D77A4720-B234-4A59-B7EF-7F9ABEA81CD3}"
EndProject
Project("{9A19103F-16F7-4668-BE54-9A1E7A4F7556}") = "TitleShortcuts.HoneySelect2", "src\TitleShortcuts.HoneySelect2\TitleShortcuts.HoneySelect2.csproj", "{CA3C684F-A778-4C76-8CA2-DFB93A8CAC13}"
EndProject
Project("{9A19103F-16F7-4668-BE54-9A1E7A4F7556}") = "TitleShortcuts.KoikatuSunshine", "src\TitleShortcuts.KoikatuSunshine\TitleShortcuts.KoikatuSunshine.csproj", "{74EA67FD-3A71-4043-ABD5-B8907D70938C}"
EndProject
Project("{2150E333-8FDC-42A3-9474-1A3956D46DE8}") = "MaterialLink", "MaterialLink", "{A5AA9B05-D65A-458C-AF68-CDE11AE6DE63}"
EndProject
Project("{FAE04EC0-301F-11D3-BF4B-00C04F79EFBC}") = "MaterialLink.KoikatuSunshine", "src\MaterialLink.KoikatuSunshine\MaterialLink.KoikatuSunshine.csproj", "{30C7A56D-402B-4125-A5F7-073C8EC1ED3D}"
EndProject
Project("{FAE04EC0-301F-11D3-BF4B-00C04F79EFBC}") = "ClothingStateMenuX.KoikatuSunshine", "src\ClothingStateMenuX.KoikatuSunshine\ClothingStateMenuX.KoikatuSunshine.csproj", "{7E9EC937-1326-43C4-8FF9-2D68CCB65FB5}"
EndProject
Project("{FAE04EC0-301F-11D3-BF4B-00C04F79EFBC}") = "AnimeAssAssistant.KoikatuSunshine", "src\AnimeAssAssistant.KoikatuSunshine\AnimeAssAssistant.KoikatuSunshine.csproj", "{1A4E5E63-B803-45C9-B65D-0FCA200CC388}"
EndProject
Project("{FAE04EC0-301F-11D3-BF4B-00C04F79EFBC}") = "TesselationSetting.KoikatuSunshine", "src\TesselationSetting.KoikatuSunshine\TesselationSetting.KoikatuSunshine.csproj", "{0A6BBC35-D743-40FA-A44C-2EF5F10A7A3F}"
EndProject
Global
	GlobalSection(SolutionConfigurationPlatforms) = preSolution
		Debug|Any CPU = Debug|Any CPU
		Release|Any CPU = Release|Any CPU
	EndGlobalSection
	GlobalSection(ProjectConfigurationPlatforms) = postSolution
		{0902BF3D-81D2-4AEE-AB32-EF238F15052E}.Debug|Any CPU.ActiveCfg = Debug|Any CPU
		{0902BF3D-81D2-4AEE-AB32-EF238F15052E}.Debug|Any CPU.Build.0 = Debug|Any CPU
		{0902BF3D-81D2-4AEE-AB32-EF238F15052E}.Release|Any CPU.ActiveCfg = Release|Any CPU
		{0902BF3D-81D2-4AEE-AB32-EF238F15052E}.Release|Any CPU.Build.0 = Release|Any CPU
		{C9703EB1-626B-4D1D-AEB9-42E7CC0E4220}.Debug|Any CPU.ActiveCfg = Debug|Any CPU
		{C9703EB1-626B-4D1D-AEB9-42E7CC0E4220}.Debug|Any CPU.Build.0 = Debug|Any CPU
		{C9703EB1-626B-4D1D-AEB9-42E7CC0E4220}.Release|Any CPU.ActiveCfg = Release|Any CPU
		{C9703EB1-626B-4D1D-AEB9-42E7CC0E4220}.Release|Any CPU.Build.0 = Release|Any CPU
		{EFE42A5E-391C-4261-8B4A-9C9FB5AAB9D8}.Debug|Any CPU.ActiveCfg = Debug|Any CPU
		{EFE42A5E-391C-4261-8B4A-9C9FB5AAB9D8}.Debug|Any CPU.Build.0 = Debug|Any CPU
		{EFE42A5E-391C-4261-8B4A-9C9FB5AAB9D8}.Release|Any CPU.ActiveCfg = Release|Any CPU
		{EFE42A5E-391C-4261-8B4A-9C9FB5AAB9D8}.Release|Any CPU.Build.0 = Release|Any CPU
		{A9A5B556-B590-4948-9E89-87D38623DAF1}.Debug|Any CPU.ActiveCfg = Debug|Any CPU
		{A9A5B556-B590-4948-9E89-87D38623DAF1}.Debug|Any CPU.Build.0 = Debug|Any CPU
		{A9A5B556-B590-4948-9E89-87D38623DAF1}.Release|Any CPU.ActiveCfg = Release|Any CPU
		{A9A5B556-B590-4948-9E89-87D38623DAF1}.Release|Any CPU.Build.0 = Release|Any CPU
		{9495FFE8-C90D-44E6-AE4F-A21506594AAD}.Debug|Any CPU.ActiveCfg = Debug|Any CPU
		{9495FFE8-C90D-44E6-AE4F-A21506594AAD}.Debug|Any CPU.Build.0 = Debug|Any CPU
		{9495FFE8-C90D-44E6-AE4F-A21506594AAD}.Release|Any CPU.ActiveCfg = Release|Any CPU
		{9495FFE8-C90D-44E6-AE4F-A21506594AAD}.Release|Any CPU.Build.0 = Release|Any CPU
		{858D3C30-B4C8-4C81-88E3-D569B61B0443}.Debug|Any CPU.ActiveCfg = Debug|Any CPU
		{858D3C30-B4C8-4C81-88E3-D569B61B0443}.Debug|Any CPU.Build.0 = Debug|Any CPU
		{858D3C30-B4C8-4C81-88E3-D569B61B0443}.Release|Any CPU.ActiveCfg = Release|Any CPU
		{858D3C30-B4C8-4C81-88E3-D569B61B0443}.Release|Any CPU.Build.0 = Release|Any CPU
		{CA3A790C-911E-441B-B9C6-4D45DCB9882E}.Debug|Any CPU.ActiveCfg = Debug|Any CPU
		{CA3A790C-911E-441B-B9C6-4D45DCB9882E}.Debug|Any CPU.Build.0 = Debug|Any CPU
		{CA3A790C-911E-441B-B9C6-4D45DCB9882E}.Release|Any CPU.ActiveCfg = Release|Any CPU
		{CA3A790C-911E-441B-B9C6-4D45DCB9882E}.Release|Any CPU.Build.0 = Release|Any CPU
		{97B9EDBF-3152-47DB-8240-69818972E177}.Debug|Any CPU.ActiveCfg = Debug|Any CPU
		{97B9EDBF-3152-47DB-8240-69818972E177}.Debug|Any CPU.Build.0 = Debug|Any CPU
		{97B9EDBF-3152-47DB-8240-69818972E177}.Release|Any CPU.ActiveCfg = Release|Any CPU
		{97B9EDBF-3152-47DB-8240-69818972E177}.Release|Any CPU.Build.0 = Release|Any CPU
		{55D59483-E493-40CA-9FD6-538063647F38}.Debug|Any CPU.ActiveCfg = Debug|Any CPU
		{55D59483-E493-40CA-9FD6-538063647F38}.Debug|Any CPU.Build.0 = Debug|Any CPU
		{55D59483-E493-40CA-9FD6-538063647F38}.Release|Any CPU.ActiveCfg = Release|Any CPU
		{55D59483-E493-40CA-9FD6-538063647F38}.Release|Any CPU.Build.0 = Release|Any CPU
		{4AEB033D-D953-4E02-9274-CB44160E6B7F}.Debug|Any CPU.ActiveCfg = Debug|Any CPU
		{4AEB033D-D953-4E02-9274-CB44160E6B7F}.Debug|Any CPU.Build.0 = Debug|Any CPU
		{4AEB033D-D953-4E02-9274-CB44160E6B7F}.Release|Any CPU.ActiveCfg = Release|Any CPU
		{4AEB033D-D953-4E02-9274-CB44160E6B7F}.Release|Any CPU.Build.0 = Release|Any CPU
		{F6C012F1-F0BC-4B65-999D-8939DA4B2DD5}.Debug|Any CPU.ActiveCfg = Debug|Any CPU
		{F6C012F1-F0BC-4B65-999D-8939DA4B2DD5}.Debug|Any CPU.Build.0 = Debug|Any CPU
		{F6C012F1-F0BC-4B65-999D-8939DA4B2DD5}.Release|Any CPU.ActiveCfg = Release|Any CPU
		{F6C012F1-F0BC-4B65-999D-8939DA4B2DD5}.Release|Any CPU.Build.0 = Release|Any CPU
		{2CBE1772-D2A2-40A5-8014-81904AAB9781}.Debug|Any CPU.ActiveCfg = Debug|Any CPU
		{2CBE1772-D2A2-40A5-8014-81904AAB9781}.Debug|Any CPU.Build.0 = Debug|Any CPU
		{2CBE1772-D2A2-40A5-8014-81904AAB9781}.Release|Any CPU.ActiveCfg = Release|Any CPU
		{124A215F-69B4-4310-98DE-209FAFE16D44}.Debug|Any CPU.ActiveCfg = Debug|Any CPU
		{124A215F-69B4-4310-98DE-209FAFE16D44}.Debug|Any CPU.Build.0 = Debug|Any CPU
		{124A215F-69B4-4310-98DE-209FAFE16D44}.Release|Any CPU.ActiveCfg = Release|Any CPU
		{124A215F-69B4-4310-98DE-209FAFE16D44}.Release|Any CPU.Build.0 = Release|Any CPU
		{5A7AE896-F7D0-4300-831B-CDD21A770E21}.Debug|Any CPU.ActiveCfg = Debug|Any CPU
		{5A7AE896-F7D0-4300-831B-CDD21A770E21}.Debug|Any CPU.Build.0 = Debug|Any CPU
		{5A7AE896-F7D0-4300-831B-CDD21A770E21}.Release|Any CPU.ActiveCfg = Release|Any CPU
		{5A7AE896-F7D0-4300-831B-CDD21A770E21}.Release|Any CPU.Build.0 = Release|Any CPU
		{394BC9B7-DB38-4172-9B2C-60918E87B763}.Debug|Any CPU.ActiveCfg = Debug|Any CPU
		{394BC9B7-DB38-4172-9B2C-60918E87B763}.Debug|Any CPU.Build.0 = Debug|Any CPU
		{394BC9B7-DB38-4172-9B2C-60918E87B763}.Release|Any CPU.ActiveCfg = Release|Any CPU
		{394BC9B7-DB38-4172-9B2C-60918E87B763}.Release|Any CPU.Build.0 = Release|Any CPU
		{0F9AA09D-DCF3-41DE-8028-61735024FE80}.Debug|Any CPU.ActiveCfg = Debug|Any CPU
		{0F9AA09D-DCF3-41DE-8028-61735024FE80}.Debug|Any CPU.Build.0 = Debug|Any CPU
		{0F9AA09D-DCF3-41DE-8028-61735024FE80}.Release|Any CPU.ActiveCfg = Release|Any CPU
		{0F9AA09D-DCF3-41DE-8028-61735024FE80}.Release|Any CPU.Build.0 = Release|Any CPU
		{558ED2D2-7FB3-4EEC-B280-46DECBE4EC3C}.Debug|Any CPU.ActiveCfg = Debug|Any CPU
		{558ED2D2-7FB3-4EEC-B280-46DECBE4EC3C}.Debug|Any CPU.Build.0 = Debug|Any CPU
		{558ED2D2-7FB3-4EEC-B280-46DECBE4EC3C}.Release|Any CPU.ActiveCfg = Release|Any CPU
		{558ED2D2-7FB3-4EEC-B280-46DECBE4EC3C}.Release|Any CPU.Build.0 = Release|Any CPU
		{6D058450-09B2-4D25-903F-9AE3A75DF066}.Debug|Any CPU.ActiveCfg = Debug|Any CPU
		{6D058450-09B2-4D25-903F-9AE3A75DF066}.Debug|Any CPU.Build.0 = Debug|Any CPU
		{6D058450-09B2-4D25-903F-9AE3A75DF066}.Release|Any CPU.ActiveCfg = Release|Any CPU
		{80C73B5C-D95E-4706-A7D8-48C79937283C}.Debug|Any CPU.ActiveCfg = Debug|Any CPU
		{80C73B5C-D95E-4706-A7D8-48C79937283C}.Debug|Any CPU.Build.0 = Debug|Any CPU
		{80C73B5C-D95E-4706-A7D8-48C79937283C}.Release|Any CPU.ActiveCfg = Release|Any CPU
		{80C73B5C-D95E-4706-A7D8-48C79937283C}.Release|Any CPU.Build.0 = Release|Any CPU
		{C8DE4A42-1B6C-4E58-985E-76972009A8BF}.Debug|Any CPU.ActiveCfg = Debug|Any CPU
		{C8DE4A42-1B6C-4E58-985E-76972009A8BF}.Debug|Any CPU.Build.0 = Debug|Any CPU
		{C8DE4A42-1B6C-4E58-985E-76972009A8BF}.Release|Any CPU.ActiveCfg = Release|Any CPU
		{C8DE4A42-1B6C-4E58-985E-76972009A8BF}.Release|Any CPU.Build.0 = Release|Any CPU
		{6EE11F86-3DA2-4454-ACCA-8A9068CC7B7C}.Debug|Any CPU.ActiveCfg = Debug|Any CPU
		{6EE11F86-3DA2-4454-ACCA-8A9068CC7B7C}.Debug|Any CPU.Build.0 = Debug|Any CPU
		{6EE11F86-3DA2-4454-ACCA-8A9068CC7B7C}.Release|Any CPU.ActiveCfg = Release|Any CPU
		{10906E95-5D65-476F-AFB3-5DB81DF04C27}.Debug|Any CPU.ActiveCfg = Debug|Any CPU
		{10906E95-5D65-476F-AFB3-5DB81DF04C27}.Debug|Any CPU.Build.0 = Debug|Any CPU
		{10906E95-5D65-476F-AFB3-5DB81DF04C27}.Release|Any CPU.ActiveCfg = Release|Any CPU
		{8B9E7744-8345-46E9-96B7-13B0269819CC}.Debug|Any CPU.ActiveCfg = Debug|Any CPU
		{8B9E7744-8345-46E9-96B7-13B0269819CC}.Debug|Any CPU.Build.0 = Debug|Any CPU
		{8B9E7744-8345-46E9-96B7-13B0269819CC}.Release|Any CPU.ActiveCfg = Release|Any CPU
		{F927C67B-778F-4144-92E4-2AE745790893}.Debug|Any CPU.ActiveCfg = Debug|Any CPU
		{F927C67B-778F-4144-92E4-2AE745790893}.Debug|Any CPU.Build.0 = Debug|Any CPU
		{F927C67B-778F-4144-92E4-2AE745790893}.Release|Any CPU.ActiveCfg = Release|Any CPU
		{F927C67B-778F-4144-92E4-2AE745790893}.Release|Any CPU.Build.0 = Release|Any CPU
		{6F020ABD-6784-47E7-9526-1E8A83998942}.Debug|Any CPU.ActiveCfg = Debug|Any CPU
		{6F020ABD-6784-47E7-9526-1E8A83998942}.Debug|Any CPU.Build.0 = Debug|Any CPU
		{6F020ABD-6784-47E7-9526-1E8A83998942}.Release|Any CPU.ActiveCfg = Release|Any CPU
		{5079FB78-01FB-4A54-A0F7-04AA79A8DE7E}.Debug|Any CPU.ActiveCfg = Debug|Any CPU
		{5079FB78-01FB-4A54-A0F7-04AA79A8DE7E}.Debug|Any CPU.Build.0 = Debug|Any CPU
		{5079FB78-01FB-4A54-A0F7-04AA79A8DE7E}.Release|Any CPU.ActiveCfg = Release|Any CPU
		{A24E1F1F-16DE-46CC-9B90-65F0F60F3FBA}.Debug|Any CPU.ActiveCfg = Debug|Any CPU
		{A24E1F1F-16DE-46CC-9B90-65F0F60F3FBA}.Debug|Any CPU.Build.0 = Debug|Any CPU
		{A24E1F1F-16DE-46CC-9B90-65F0F60F3FBA}.Release|Any CPU.ActiveCfg = Release|Any CPU
		{A24E1F1F-16DE-46CC-9B90-65F0F60F3FBA}.Release|Any CPU.Build.0 = Release|Any CPU
		{9C4AE49D-6960-4AA0-B41F-3BE11A61DB2E}.Debug|Any CPU.ActiveCfg = Debug|Any CPU
		{9C4AE49D-6960-4AA0-B41F-3BE11A61DB2E}.Debug|Any CPU.Build.0 = Debug|Any CPU
		{9C4AE49D-6960-4AA0-B41F-3BE11A61DB2E}.Release|Any CPU.ActiveCfg = Release|Any CPU
		{0DFA53AB-37B6-4ACA-B5D2-4441F62CC15A}.Debug|Any CPU.ActiveCfg = Debug|Any CPU
		{0DFA53AB-37B6-4ACA-B5D2-4441F62CC15A}.Debug|Any CPU.Build.0 = Debug|Any CPU
		{0DFA53AB-37B6-4ACA-B5D2-4441F62CC15A}.Release|Any CPU.ActiveCfg = Release|Any CPU
		{0DFA53AB-37B6-4ACA-B5D2-4441F62CC15A}.Release|Any CPU.Build.0 = Release|Any CPU
		{869B9D19-89CC-47D4-9D8C-D0542A422B9A}.Debug|Any CPU.ActiveCfg = Debug|Any CPU
		{869B9D19-89CC-47D4-9D8C-D0542A422B9A}.Debug|Any CPU.Build.0 = Debug|Any CPU
		{869B9D19-89CC-47D4-9D8C-D0542A422B9A}.Release|Any CPU.ActiveCfg = Release|Any CPU
		{869B9D19-89CC-47D4-9D8C-D0542A422B9A}.Release|Any CPU.Build.0 = Release|Any CPU
		{8627399A-2F2D-4189-AF7C-FC83345E148A}.Debug|Any CPU.ActiveCfg = Debug|Any CPU
		{8627399A-2F2D-4189-AF7C-FC83345E148A}.Debug|Any CPU.Build.0 = Debug|Any CPU
		{8627399A-2F2D-4189-AF7C-FC83345E148A}.Release|Any CPU.ActiveCfg = Release|Any CPU
		{8627399A-2F2D-4189-AF7C-FC83345E148A}.Release|Any CPU.Build.0 = Release|Any CPU
		{0D28AB7E-CC4C-4EC5-B322-876641D7426B}.Debug|Any CPU.ActiveCfg = Debug|Any CPU
		{0D28AB7E-CC4C-4EC5-B322-876641D7426B}.Debug|Any CPU.Build.0 = Debug|Any CPU
		{0D28AB7E-CC4C-4EC5-B322-876641D7426B}.Release|Any CPU.ActiveCfg = Release|Any CPU
		{0D28AB7E-CC4C-4EC5-B322-876641D7426B}.Release|Any CPU.Build.0 = Release|Any CPU
		{E696AB96-E970-4F15-B9CE-911E0969C71B}.Debug|Any CPU.ActiveCfg = Debug|Any CPU
		{E696AB96-E970-4F15-B9CE-911E0969C71B}.Debug|Any CPU.Build.0 = Debug|Any CPU
		{E696AB96-E970-4F15-B9CE-911E0969C71B}.Release|Any CPU.ActiveCfg = Release|Any CPU
		{E696AB96-E970-4F15-B9CE-911E0969C71B}.Release|Any CPU.Build.0 = Release|Any CPU
		{F81D04E1-5FEC-4457-A694-E8C4AEABCDBB}.Debug|Any CPU.ActiveCfg = Debug|Any CPU
		{F81D04E1-5FEC-4457-A694-E8C4AEABCDBB}.Debug|Any CPU.Build.0 = Debug|Any CPU
		{F81D04E1-5FEC-4457-A694-E8C4AEABCDBB}.Release|Any CPU.ActiveCfg = Release|Any CPU
		{F81D04E1-5FEC-4457-A694-E8C4AEABCDBB}.Release|Any CPU.Build.0 = Release|Any CPU
		{E16FE139-DEEB-4659-A20C-242C03713347}.Debug|Any CPU.ActiveCfg = Debug|Any CPU
		{E16FE139-DEEB-4659-A20C-242C03713347}.Debug|Any CPU.Build.0 = Debug|Any CPU
		{E16FE139-DEEB-4659-A20C-242C03713347}.Release|Any CPU.ActiveCfg = Release|Any CPU
		{E16FE139-DEEB-4659-A20C-242C03713347}.Release|Any CPU.Build.0 = Release|Any CPU
		{CF849C91-B667-4196-B162-1635163F0476}.Debug|Any CPU.ActiveCfg = Debug|Any CPU
		{CF849C91-B667-4196-B162-1635163F0476}.Debug|Any CPU.Build.0 = Debug|Any CPU
		{CF849C91-B667-4196-B162-1635163F0476}.Release|Any CPU.ActiveCfg = Release|Any CPU
		{CF849C91-B667-4196-B162-1635163F0476}.Release|Any CPU.Build.0 = Release|Any CPU
		{736F80A7-88A4-4508-B6C7-B36FDD175AE4}.Debug|Any CPU.ActiveCfg = Debug|Any CPU
		{736F80A7-88A4-4508-B6C7-B36FDD175AE4}.Debug|Any CPU.Build.0 = Debug|Any CPU
		{736F80A7-88A4-4508-B6C7-B36FDD175AE4}.Release|Any CPU.ActiveCfg = Release|Any CPU
		{736F80A7-88A4-4508-B6C7-B36FDD175AE4}.Release|Any CPU.Build.0 = Release|Any CPU
		{0EFAD08F-D9A9-49A0-AAEB-A47E9B60FB91}.Debug|Any CPU.ActiveCfg = Debug|Any CPU
		{0EFAD08F-D9A9-49A0-AAEB-A47E9B60FB91}.Debug|Any CPU.Build.0 = Debug|Any CPU
		{0EFAD08F-D9A9-49A0-AAEB-A47E9B60FB91}.Release|Any CPU.ActiveCfg = Release|Any CPU
		{0EFAD08F-D9A9-49A0-AAEB-A47E9B60FB91}.Release|Any CPU.Build.0 = Release|Any CPU
		{B026FAE9-1938-4650-B76B-E3810ED2C9CE}.Debug|Any CPU.ActiveCfg = Debug|Any CPU
		{B026FAE9-1938-4650-B76B-E3810ED2C9CE}.Debug|Any CPU.Build.0 = Debug|Any CPU
		{B026FAE9-1938-4650-B76B-E3810ED2C9CE}.Release|Any CPU.ActiveCfg = Release|Any CPU
		{B026FAE9-1938-4650-B76B-E3810ED2C9CE}.Release|Any CPU.Build.0 = Release|Any CPU
		{57A8753A-3E34-478A-9AF4-746EFF566D6B}.Debug|Any CPU.ActiveCfg = Debug|Any CPU
		{57A8753A-3E34-478A-9AF4-746EFF566D6B}.Debug|Any CPU.Build.0 = Debug|Any CPU
		{57A8753A-3E34-478A-9AF4-746EFF566D6B}.Release|Any CPU.ActiveCfg = Release|Any CPU
		{57A8753A-3E34-478A-9AF4-746EFF566D6B}.Release|Any CPU.Build.0 = Release|Any CPU
		{8C76020F-A387-4306-8FD3-AA4E7660C8C8}.Debug|Any CPU.ActiveCfg = Debug|Any CPU
		{8C76020F-A387-4306-8FD3-AA4E7660C8C8}.Debug|Any CPU.Build.0 = Debug|Any CPU
		{8C76020F-A387-4306-8FD3-AA4E7660C8C8}.Release|Any CPU.ActiveCfg = Release|Any CPU
		{8C76020F-A387-4306-8FD3-AA4E7660C8C8}.Release|Any CPU.Build.0 = Release|Any CPU
		{A7AFC683-C17F-4B97-8127-122BAD10FBE8}.Debug|Any CPU.ActiveCfg = Debug|Any CPU
		{A7AFC683-C17F-4B97-8127-122BAD10FBE8}.Debug|Any CPU.Build.0 = Debug|Any CPU
		{A7AFC683-C17F-4B97-8127-122BAD10FBE8}.Release|Any CPU.ActiveCfg = Release|Any CPU
		{A7AFC683-C17F-4B97-8127-122BAD10FBE8}.Release|Any CPU.Build.0 = Release|Any CPU
		{CA3C684F-A778-4C76-8CA2-DFB93A8CAC13}.Debug|Any CPU.ActiveCfg = Debug|Any CPU
		{CA3C684F-A778-4C76-8CA2-DFB93A8CAC13}.Debug|Any CPU.Build.0 = Debug|Any CPU
		{CA3C684F-A778-4C76-8CA2-DFB93A8CAC13}.Release|Any CPU.ActiveCfg = Release|Any CPU
		{CA3C684F-A778-4C76-8CA2-DFB93A8CAC13}.Release|Any CPU.Build.0 = Release|Any CPU
		{74EA67FD-3A71-4043-ABD5-B8907D70938C}.Debug|Any CPU.ActiveCfg = Debug|Any CPU
		{74EA67FD-3A71-4043-ABD5-B8907D70938C}.Debug|Any CPU.Build.0 = Debug|Any CPU
		{74EA67FD-3A71-4043-ABD5-B8907D70938C}.Release|Any CPU.ActiveCfg = Release|Any CPU
		{74EA67FD-3A71-4043-ABD5-B8907D70938C}.Release|Any CPU.Build.0 = Release|Any CPU
		{30C7A56D-402B-4125-A5F7-073C8EC1ED3D}.Debug|Any CPU.ActiveCfg = Debug|Any CPU
		{30C7A56D-402B-4125-A5F7-073C8EC1ED3D}.Debug|Any CPU.Build.0 = Debug|Any CPU
		{30C7A56D-402B-4125-A5F7-073C8EC1ED3D}.Release|Any CPU.ActiveCfg = Release|Any CPU
		{30C7A56D-402B-4125-A5F7-073C8EC1ED3D}.Release|Any CPU.Build.0 = Release|Any CPU
		{7E9EC937-1326-43C4-8FF9-2D68CCB65FB5}.Debug|Any CPU.ActiveCfg = Debug|Any CPU
		{7E9EC937-1326-43C4-8FF9-2D68CCB65FB5}.Debug|Any CPU.Build.0 = Debug|Any CPU
		{7E9EC937-1326-43C4-8FF9-2D68CCB65FB5}.Release|Any CPU.ActiveCfg = Release|Any CPU
		{7E9EC937-1326-43C4-8FF9-2D68CCB65FB5}.Release|Any CPU.Build.0 = Release|Any CPU
		{1A4E5E63-B803-45C9-B65D-0FCA200CC388}.Debug|Any CPU.ActiveCfg = Debug|Any CPU
		{1A4E5E63-B803-45C9-B65D-0FCA200CC388}.Debug|Any CPU.Build.0 = Debug|Any CPU
		{1A4E5E63-B803-45C9-B65D-0FCA200CC388}.Release|Any CPU.ActiveCfg = Release|Any CPU
		{1A4E5E63-B803-45C9-B65D-0FCA200CC388}.Release|Any CPU.Build.0 = Release|Any CPU
		{0A6BBC35-D743-40FA-A44C-2EF5F10A7A3F}.Debug|Any CPU.ActiveCfg = Debug|Any CPU
		{0A6BBC35-D743-40FA-A44C-2EF5F10A7A3F}.Debug|Any CPU.Build.0 = Debug|Any CPU
		{0A6BBC35-D743-40FA-A44C-2EF5F10A7A3F}.Release|Any CPU.ActiveCfg = Release|Any CPU
		{0A6BBC35-D743-40FA-A44C-2EF5F10A7A3F}.Release|Any CPU.Build.0 = Release|Any CPU
	EndGlobalSection
	GlobalSection(SolutionProperties) = preSolution
		HideSolutionNode = FALSE
	EndGlobalSection
	GlobalSection(NestedProjects) = preSolution
		{FAF05F03-1080-46D3-AB9B-C67556251D3A} = {BA55B5E5-B0FD-465F-93F2-D73BD193AC86}
		{073D65BA-9BB7-4386-9B01-F86FA6DF6984} = {FAF05F03-1080-46D3-AB9B-C67556251D3A}
		{0902BF3D-81D2-4AEE-AB32-EF238F15052E} = {FAF05F03-1080-46D3-AB9B-C67556251D3A}
		{DD7D6945-54A6-4190-8F49-46A189EE32CD} = {BA55B5E5-B0FD-465F-93F2-D73BD193AC86}
		{5FC98374-508A-40B7-B4E1-EDB3B1D482F6} = {BA55B5E5-B0FD-465F-93F2-D73BD193AC86}
		{C9703EB1-626B-4D1D-AEB9-42E7CC0E4220} = {4538FA39-E1EE-41A4-BB94-D3323B7B8286}
		{EFE42A5E-391C-4261-8B4A-9C9FB5AAB9D8} = {4A22457A-107B-4D71-9338-8D58677305DD}
		{A9A5B556-B590-4948-9E89-87D38623DAF1} = {FD39F147-F3C9-47AD-A511-96BC42F1894B}
		{21652626-F032-4986-B258-C36B4C9115E7} = {BA55B5E5-B0FD-465F-93F2-D73BD193AC86}
		{17FF704B-6D86-4F64-8052-123DC8C2AC0A} = {BA55B5E5-B0FD-465F-93F2-D73BD193AC86}
		{E462D3D8-0715-45C9-869C-F1FA8CD2F5CD} = {BA55B5E5-B0FD-465F-93F2-D73BD193AC86}
		{D2938A42-199F-4A5B-8C9B-6592E9E53424} = {21652626-F032-4986-B258-C36B4C9115E7}
		{9495FFE8-C90D-44E6-AE4F-A21506594AAD} = {21652626-F032-4986-B258-C36B4C9115E7}
		{858D3C30-B4C8-4C81-88E3-D569B61B0443} = {17FF704B-6D86-4F64-8052-123DC8C2AC0A}
		{3B6CD84F-6327-46B6-91E1-5EB972BC60FE} = {17FF704B-6D86-4F64-8052-123DC8C2AC0A}
		{CA3A790C-911E-441B-B9C6-4D45DCB9882E} = {E462D3D8-0715-45C9-869C-F1FA8CD2F5CD}
		{7F30866A-1B8B-40F1-8960-0E203EEDE225} = {BA55B5E5-B0FD-465F-93F2-D73BD193AC86}
		{97B9EDBF-3152-47DB-8240-69818972E177} = {580B8BB3-AD49-4DCE-850C-49DF209263F4}
		{624F7C3F-0557-4FA6-A915-C99C5A40A851} = {BA55B5E5-B0FD-465F-93F2-D73BD193AC86}
		{A19F5B25-6318-4323-93C8-B27F0343E582} = {BA55B5E5-B0FD-465F-93F2-D73BD193AC86}
		{55D59483-E493-40CA-9FD6-538063647F38} = {B48D1D9B-DF53-4878-BD38-E11780ACEFD6}
		{58AAB72D-86B3-4445-B25E-62D6A7FF1237} = {BA55B5E5-B0FD-465F-93F2-D73BD193AC86}
		{4AEB033D-D953-4E02-9274-CB44160E6B7F} = {58AAB72D-86B3-4445-B25E-62D6A7FF1237}
		{F6C012F1-F0BC-4B65-999D-8939DA4B2DD5} = {58AAB72D-86B3-4445-B25E-62D6A7FF1237}
		{A52280CD-3CC4-452A-8C11-67E440E0262F} = {58AAB72D-86B3-4445-B25E-62D6A7FF1237}
		{2CBE1772-D2A2-40A5-8014-81904AAB9781} = {27ABF983-5523-4A86-8F7C-1502C49D343E}
		{124A215F-69B4-4310-98DE-209FAFE16D44} = {1B2C3D67-2605-48A8-B6B0-2D65A40BFAC6}
		{5A7AE896-F7D0-4300-831B-CDD21A770E21} = {E462D3D8-0715-45C9-869C-F1FA8CD2F5CD}
		{4D175C74-23CC-45DB-8225-537DB7E33142} = {E462D3D8-0715-45C9-869C-F1FA8CD2F5CD}
		{394BC9B7-DB38-4172-9B2C-60918E87B763} = {5EFF8F21-DA17-4E53-A5CE-E44992A6ACCC}
		{0F9AA09D-DCF3-41DE-8028-61735024FE80} = {E462D3D8-0715-45C9-869C-F1FA8CD2F5CD}
		{5837FDE8-4B7C-431B-9402-3D8019F7BF37} = {BA55B5E5-B0FD-465F-93F2-D73BD193AC86}
		{558ED2D2-7FB3-4EEC-B280-46DECBE4EC3C} = {28C62819-4103-45B7-9115-C6C559D12964}
		{6D058450-09B2-4D25-903F-9AE3A75DF066} = {EDF802BE-DFA7-45C5-A960-3B2E96EE8143}
		{80C73B5C-D95E-4706-A7D8-48C79937283C} = {A41DE533-BC37-42DC-8EA3-7433E91AB0CE}
		{C8DE4A42-1B6C-4E58-985E-76972009A8BF} = {BA55B5E5-B0FD-465F-93F2-D73BD193AC86}
		{6EE11F86-3DA2-4454-ACCA-8A9068CC7B7C} = {8C9D88EC-5F03-43EF-8954-B54144A5089C}
		{8C9D88EC-5F03-43EF-8954-B54144A5089C} = {BA55B5E5-B0FD-465F-93F2-D73BD193AC86}
		{65D1DEFC-6733-47F3-84F8-1609C596FA5B} = {8C9D88EC-5F03-43EF-8954-B54144A5089C}
		{10906E95-5D65-476F-AFB3-5DB81DF04C27} = {8C9D88EC-5F03-43EF-8954-B54144A5089C}
		{8B9E7744-8345-46E9-96B7-13B0269819CC} = {8C9D88EC-5F03-43EF-8954-B54144A5089C}
		{F452236D-9FF5-4897-8EE8-DA0C1D49974D} = {BA55B5E5-B0FD-465F-93F2-D73BD193AC86}
		{F927C67B-778F-4144-92E4-2AE745790893} = {1D5A23BB-7E05-42BF-AD34-DF616BC2E787}
		{50994AF9-8369-47A9-A33A-37650E4B454E} = {BA55B5E5-B0FD-465F-93F2-D73BD193AC86}
		{AFC4EE66-2891-439A-925A-BAF22553E1BA} = {BA55B5E5-B0FD-465F-93F2-D73BD193AC86}
		{81E73402-3A7E-4ED3-B990-33C1B31FC205} = {BA55B5E5-B0FD-465F-93F2-D73BD193AC86}
		{6F020ABD-6784-47E7-9526-1E8A83998942} = {D4027038-4ED4-432B-B232-0551B72723DD}
		{5079FB78-01FB-4A54-A0F7-04AA79A8DE7E} = {1352BF50-BCE5-40F7-9F2E-46A3EC4CC0D3}
		{580B8BB3-AD49-4DCE-850C-49DF209263F4} = {BA55B5E5-B0FD-465F-93F2-D73BD193AC86}
		{5EFF8F21-DA17-4E53-A5CE-E44992A6ACCC} = {BA55B5E5-B0FD-465F-93F2-D73BD193AC86}
		{27ABF983-5523-4A86-8F7C-1502C49D343E} = {BA55B5E5-B0FD-465F-93F2-D73BD193AC86}
		{28C62819-4103-45B7-9115-C6C559D12964} = {BA55B5E5-B0FD-465F-93F2-D73BD193AC86}
		{4538FA39-E1EE-41A4-BB94-D3323B7B8286} = {BA55B5E5-B0FD-465F-93F2-D73BD193AC86}
		{1D5A23BB-7E05-42BF-AD34-DF616BC2E787} = {BA55B5E5-B0FD-465F-93F2-D73BD193AC86}
		{4A22457A-107B-4D71-9338-8D58677305DD} = {BA55B5E5-B0FD-465F-93F2-D73BD193AC86}
		{A41DE533-BC37-42DC-8EA3-7433E91AB0CE} = {BA55B5E5-B0FD-465F-93F2-D73BD193AC86}
		{EDF802BE-DFA7-45C5-A960-3B2E96EE8143} = {BA55B5E5-B0FD-465F-93F2-D73BD193AC86}
		{1352BF50-BCE5-40F7-9F2E-46A3EC4CC0D3} = {BA55B5E5-B0FD-465F-93F2-D73BD193AC86}
		{FD39F147-F3C9-47AD-A511-96BC42F1894B} = {BA55B5E5-B0FD-465F-93F2-D73BD193AC86}
		{D4027038-4ED4-432B-B232-0551B72723DD} = {BA55B5E5-B0FD-465F-93F2-D73BD193AC86}
		{B48D1D9B-DF53-4878-BD38-E11780ACEFD6} = {BA55B5E5-B0FD-465F-93F2-D73BD193AC86}
		{1B2C3D67-2605-48A8-B6B0-2D65A40BFAC6} = {BA55B5E5-B0FD-465F-93F2-D73BD193AC86}
		{A541BB96-39B7-44C7-98A1-C934EFBD52AE} = {BA55B5E5-B0FD-465F-93F2-D73BD193AC86}
		{A24E1F1F-16DE-46CC-9B90-65F0F60F3FBA} = {A541BB96-39B7-44C7-98A1-C934EFBD52AE}
		{9C4AE49D-6960-4AA0-B41F-3BE11A61DB2E} = {BA55B5E5-B0FD-465F-93F2-D73BD193AC86}
		{0DFA53AB-37B6-4ACA-B5D2-4441F62CC15A} = {58AAB72D-86B3-4445-B25E-62D6A7FF1237}
		{D0C39DE2-D3E6-46BF-8A32-19250BF4F2D4} = {BA55B5E5-B0FD-465F-93F2-D73BD193AC86}
		{5034D4DD-F7D2-45C7-893F-9955098BFF4B} = {58AAB72D-86B3-4445-B25E-62D6A7FF1237}
		{869B9D19-89CC-47D4-9D8C-D0542A422B9A} = {28C62819-4103-45B7-9115-C6C559D12964}
		{327037CF-62F6-46C0-9E7C-4D46BED9E56B} = {28C62819-4103-45B7-9115-C6C559D12964}
		{66EDEDB6-34F2-4613-A6FF-450341DA94CE} = {4538FA39-E1EE-41A4-BB94-D3323B7B8286}
		{8627399A-2F2D-4189-AF7C-FC83345E148A} = {4538FA39-E1EE-41A4-BB94-D3323B7B8286}
		{0D28AB7E-CC4C-4EC5-B322-876641D7426B} = {4A22457A-107B-4D71-9338-8D58677305DD}
		{30236263-C659-45EC-9A6C-7947830BB343} = {4A22457A-107B-4D71-9338-8D58677305DD}
		{6AF96840-64FA-43DA-93CA-43D5AF47FD60} = {FD39F147-F3C9-47AD-A511-96BC42F1894B}
		{E696AB96-E970-4F15-B9CE-911E0969C71B} = {FD39F147-F3C9-47AD-A511-96BC42F1894B}
		{F81D04E1-5FEC-4457-A694-E8C4AEABCDBB} = {17FF704B-6D86-4F64-8052-123DC8C2AC0A}
		{E16FE139-DEEB-4659-A20C-242C03713347} = {FAF05F03-1080-46D3-AB9B-C67556251D3A}
		{CF849C91-B667-4196-B162-1635163F0476} = {1B2C3D67-2605-48A8-B6B0-2D65A40BFAC6}
		{5A380F5E-DEBF-48E6-934F-593F20E93AA2} = {1B2C3D67-2605-48A8-B6B0-2D65A40BFAC6}
		{736F80A7-88A4-4508-B6C7-B36FDD175AE4} = {A41DE533-BC37-42DC-8EA3-7433E91AB0CE}
		{45DEF5DD-3617-482E-842F-B53ED60F59B6} = {A41DE533-BC37-42DC-8EA3-7433E91AB0CE}
		{0EFAD08F-D9A9-49A0-AAEB-A47E9B60FB91} = {A41DE533-BC37-42DC-8EA3-7433E91AB0CE}
		{B026FAE9-1938-4650-B76B-E3810ED2C9CE} = {FD39F147-F3C9-47AD-A511-96BC42F1894B}
		{57A8753A-3E34-478A-9AF4-746EFF566D6B} = {FD39F147-F3C9-47AD-A511-96BC42F1894B}
		{8C76020F-A387-4306-8FD3-AA4E7660C8C8} = {21652626-F032-4986-B258-C36B4C9115E7}
		{A7AFC683-C17F-4B97-8127-122BAD10FBE8} = {A541BB96-39B7-44C7-98A1-C934EFBD52AE}
		{D77A4720-B234-4A59-B7EF-7F9ABEA81CD3} = {A541BB96-39B7-44C7-98A1-C934EFBD52AE}
		{CA3C684F-A778-4C76-8CA2-DFB93A8CAC13} = {E462D3D8-0715-45C9-869C-F1FA8CD2F5CD}
		{74EA67FD-3A71-4043-ABD5-B8907D70938C} = {E462D3D8-0715-45C9-869C-F1FA8CD2F5CD}
		{A5AA9B05-D65A-458C-AF68-CDE11AE6DE63} = {BA55B5E5-B0FD-465F-93F2-D73BD193AC86}
		{30C7A56D-402B-4125-A5F7-073C8EC1ED3D} = {A5AA9B05-D65A-458C-AF68-CDE11AE6DE63}
		{7E9EC937-1326-43C4-8FF9-2D68CCB65FB5} = {BA55B5E5-B0FD-465F-93F2-D73BD193AC86}
		{1A4E5E63-B803-45C9-B65D-0FCA200CC388} = {BA55B5E5-B0FD-465F-93F2-D73BD193AC86}
		{0A6BBC35-D743-40FA-A44C-2EF5F10A7A3F} = {BA55B5E5-B0FD-465F-93F2-D73BD193AC86}
	EndGlobalSection
	GlobalSection(ExtensibilityGlobals) = postSolution
		SolutionGuid = {CECC9C6B-8041-49A1-B7FD-DC89264B7393}
	EndGlobalSection
	GlobalSection(SharedMSBuildProjectFiles) = preSolution
		src\LockOnPlugin.Core\LockOnPlugin.Core.projitems*{073d65ba-9bb7-4386-9b01-f86fa6df6984}*SharedItemsImports = 13
		src\Common.Core\Common.Core.projitems*{0902bf3d-81d2-4aee-ab32-ef238f15052e}*SharedItemsImports = 5
		src\Common.Koikatu\Common.Koikatu.projitems*{0902bf3d-81d2-4aee-ab32-ef238f15052e}*SharedItemsImports = 5
		src\Common.Utils\Common.Utils.projitems*{0902bf3d-81d2-4aee-ab32-ef238f15052e}*SharedItemsImports = 5
		src\LockOnPlugin.Core\LockOnPlugin.Core.projitems*{0902bf3d-81d2-4aee-ab32-ef238f15052e}*SharedItemsImports = 5
		src\Common.Core\Common.Core.projitems*{0d28ab7e-cc4c-4ec5-b322-876641d7426b}*SharedItemsImports = 4
		src\Common.KoikatsuSunshine\Common.KoikatsuSunshine.projitems*{0d28ab7e-cc4c-4ec5-b322-876641d7426b}*SharedItemsImports = 4
		src\Common.Unity\Common.Unity.projitems*{0d28ab7e-cc4c-4ec5-b322-876641d7426b}*SharedItemsImports = 4
		src\DefaultParamEditor.Core\DefaultParamEditor.Core.projitems*{0d28ab7e-cc4c-4ec5-b322-876641d7426b}*SharedItemsImports = 4
		src\Common.Core\Common.Core.projitems*{0dfa53ab-37b6-4aca-b5d2-4441f62cc15a}*SharedItemsImports = 5
		src\Common.KoikatsuSunshine\Common.KoikatsuSunshine.projitems*{0dfa53ab-37b6-4aca-b5d2-4441f62cc15a}*SharedItemsImports = 5
		src\RealPOV.Core.Koikatu\RealPOV.Core.Koikatu.projitems*{0dfa53ab-37b6-4aca-b5d2-4441f62cc15a}*SharedItemsImports = 5
		src\RealPOV.Core\RealPOV.Core.projitems*{0dfa53ab-37b6-4aca-b5d2-4441f62cc15a}*SharedItemsImports = 5
		src\Common.AISyoujyo\Common.AISyoujyo.projitems*{0efad08f-d9a9-49a0-aaeb-a47e9b60fb91}*SharedItemsImports = 4
		src\Common.Core\Common.Core.projitems*{0efad08f-d9a9-49a0-aaeb-a47e9b60fb91}*SharedItemsImports = 4
		src\DefaultStudioScene.Core\DefaultStudioScene.Core.projitems*{0efad08f-d9a9-49a0-aaeb-a47e9b60fb91}*SharedItemsImports = 4
		src\Common.AISyoujyo\Common.AISyoujyo.projitems*{0f9aa09d-dcf3-41de-8028-61735024fe80}*SharedItemsImports = 5
		src\Common.Core\Common.Core.projitems*{0f9aa09d-dcf3-41de-8028-61735024fe80}*SharedItemsImports = 5
		src\TitleShortcuts.Core\TitleShortcuts.Core.projitems*{0f9aa09d-dcf3-41de-8028-61735024fe80}*SharedItemsImports = 5
		src\BetterSceneLoader.Core\BetterSceneLoader.Core.projitems*{10906e95-5d65-476f-afb3-5db81df04c27}*SharedItemsImports = 5
		src\Common.Core\Common.Core.projitems*{10906e95-5d65-476f-afb3-5db81df04c27}*SharedItemsImports = 5
		src\Common.HoneySelect\Common.HoneySelect.projitems*{10906e95-5d65-476f-afb3-5db81df04c27}*SharedItemsImports = 5
		src\Common.Utils\Common.Utils.projitems*{10906e95-5d65-476f-afb3-5db81df04c27}*SharedItemsImports = 5
		src\UIUtility\UIUtility.projitems*{10906e95-5d65-476f-afb3-5db81df04c27}*SharedItemsImports = 5
		src\Common.Core\Common.Core.projitems*{124a215f-69b4-4310-98de-209fafe16d44}*SharedItemsImports = 5
		src\Common.Koikatu\Common.Koikatu.projitems*{124a215f-69b4-4310-98de-209fafe16d44}*SharedItemsImports = 5
		src\StudioAddonLite.Core\StudioAddonLite.Core.projitems*{124a215f-69b4-4310-98de-209fafe16d44}*SharedItemsImports = 5
		src\Common.Core\Common.Core.projitems*{2cbe1772-d2a2-40a5-8014-81904aab9781}*SharedItemsImports = 5
		src\Common.Koikatu\Common.Koikatu.projitems*{2cbe1772-d2a2-40a5-8014-81904aab9781}*SharedItemsImports = 5
		src\UIUtility\UIUtility.projitems*{2cbe1772-d2a2-40a5-8014-81904aab9781}*SharedItemsImports = 5
		src\DefaultParamEditor.Core\DefaultParamEditor.Core.projitems*{30236263-c659-45ec-9a6c-7947830bb343}*SharedItemsImports = 13
		src\CameraFrameMask.Core\CameraFrameMask.Core.projitems*{327037cf-62f6-46c0-9e7c-4d46bed9e56b}*SharedItemsImports = 13
		src\Common.Core\Common.Core.projitems*{394bc9b7-db38-4172-9b2c-60918e87b763}*SharedItemsImports = 5
		src\Common.Koikatu\Common.Koikatu.projitems*{394bc9b7-db38-4172-9b2c-60918e87b763}*SharedItemsImports = 5
		src\Common.Utils\Common.Utils.projitems*{394bc9b7-db38-4172-9b2c-60918e87b763}*SharedItemsImports = 5
		src\MakerBridge.Core\MakerBridge.Core.projitems*{3b6cd84f-6327-46b6-91e1-5eb972bc60fe}*SharedItemsImports = 13
		src\DefaultStudioScene.Core\DefaultStudioScene.Core.projitems*{45def5dd-3617-482e-842f-b53ed60f59b6}*SharedItemsImports = 13
		src\Common.Core\Common.Core.projitems*{4aeb033d-d953-4e02-9274-cb44160e6b7f}*SharedItemsImports = 5
		src\Common.Utils\Common.Utils.projitems*{4aeb033d-d953-4e02-9274-cb44160e6b7f}*SharedItemsImports = 5
		src\RealPOV.Core\RealPOV.Core.projitems*{4aeb033d-d953-4e02-9274-cb44160e6b7f}*SharedItemsImports = 5
		src\TitleShortcuts.Core\TitleShortcuts.Core.projitems*{4d175c74-23cc-45db-8225-537db7e33142}*SharedItemsImports = 13
		src\RealPOV.Core.Koikatu\RealPOV.Core.Koikatu.projitems*{5034d4dd-f7d2-45c7-893f-9955098bff4b}*SharedItemsImports = 13
		src\Common.Core\Common.Core.projitems*{5079fb78-01fb-4a54-a0f7-04aa79a8de7e}*SharedItemsImports = 5
		src\Common.Koikatu\Common.Koikatu.projitems*{5079fb78-01fb-4a54-a0f7-04aa79a8de7e}*SharedItemsImports = 5
		src\Common.Unity\Common.Unity.projitems*{50994af9-8369-47a9-a33a-37650e4b454e}*SharedItemsImports = 13
		src\CameraFrameMask.Core\CameraFrameMask.Core.projitems*{558ed2d2-7fb3-4eec-b280-46decbe4ec3c}*SharedItemsImports = 5
		src\Common.Core\Common.Core.projitems*{558ed2d2-7fb3-4eec-b280-46decbe4ec3c}*SharedItemsImports = 5
		src\Common.Koikatu\Common.Koikatu.projitems*{558ed2d2-7fb3-4eec-b280-46decbe4ec3c}*SharedItemsImports = 5
		src\Common.Core\Common.Core.projitems*{55d59483-e493-40ca-9fd6-538063647f38}*SharedItemsImports = 5
		src\Common.PlayHome\Common.PlayHome.projitems*{55d59483-e493-40ca-9fd6-538063647f38}*SharedItemsImports = 5
		src\Common.AISyoujyo\Common.AISyoujyo.projitems*{57a8753a-3e34-478a-9af4-746eff566d6b}*SharedItemsImports = 4
		src\Common.Core\Common.Core.projitems*{57a8753a-3e34-478a-9af4-746eff566d6b}*SharedItemsImports = 4
		src\Common.Unity\Common.Unity.projitems*{57a8753a-3e34-478a-9af4-746eff566d6b}*SharedItemsImports = 4
		src\ItemLayerEdit.Core\ItemLayerEdit.Core.projitems*{57a8753a-3e34-478a-9af4-746eff566d6b}*SharedItemsImports = 4
		src\UIUtility\UIUtility.projitems*{57a8753a-3e34-478a-9af4-746eff566d6b}*SharedItemsImports = 4
		src\Common.AISyoujyo\Common.AISyoujyo.projitems*{5837fde8-4b7c-431b-9402-3d8019f7bf37}*SharedItemsImports = 13
		src\StudioAddonLite.Core\StudioAddonLite.Core.projitems*{5a380f5e-debf-48e6-934f-593f20e93aa2}*SharedItemsImports = 13
		src\Common.Core\Common.Core.projitems*{5a7ae896-f7d0-4300-831b-cdd21a770e21}*SharedItemsImports = 5
		src\Common.HoneySelect\Common.HoneySelect.projitems*{5a7ae896-f7d0-4300-831b-cdd21a770e21}*SharedItemsImports = 5
		src\TitleShortcuts.Core\TitleShortcuts.Core.projitems*{5a7ae896-f7d0-4300-831b-cdd21a770e21}*SharedItemsImports = 5
		src\Common.Koikatu\Common.Koikatu.projitems*{5fc98374-508a-40b7-b4e1-edb3b1d482f6}*SharedItemsImports = 13
		src\Common.PlayHome\Common.PlayHome.projitems*{624f7c3f-0557-4fa6-a915-c99c5a40a851}*SharedItemsImports = 13
		src\BetterSceneLoader.Core\BetterSceneLoader.Core.projitems*{65d1defc-6733-47f3-84f8-1609c596fa5b}*SharedItemsImports = 13
		src\CharaStateX.Core\CharaStateX.Core.projitems*{66ededb6-34f2-4613-a6ff-450341da94ce}*SharedItemsImports = 13
		src\ItemLayerEdit.Core\ItemLayerEdit.Core.projitems*{6af96840-64fa-43da-93ca-43d5af47fd60}*SharedItemsImports = 13
		src\Common.Core\Common.Core.projitems*{6d058450-09b2-4d25-903f-9ae3a75df066}*SharedItemsImports = 5
		src\Common.Koikatu\Common.Koikatu.projitems*{6d058450-09b2-4d25-903f-9ae3a75df066}*SharedItemsImports = 5
		src\BetterSceneLoader.Core\BetterSceneLoader.Core.projitems*{6ee11f86-3da2-4454-acca-8a9068cc7b7c}*SharedItemsImports = 5
		src\Common.Core\Common.Core.projitems*{6ee11f86-3da2-4454-acca-8a9068cc7b7c}*SharedItemsImports = 5
		src\Common.Koikatu\Common.Koikatu.projitems*{6ee11f86-3da2-4454-acca-8a9068cc7b7c}*SharedItemsImports = 5
		src\Common.Utils\Common.Utils.projitems*{6ee11f86-3da2-4454-acca-8a9068cc7b7c}*SharedItemsImports = 5
		src\UIUtility\UIUtility.projitems*{6ee11f86-3da2-4454-acca-8a9068cc7b7c}*SharedItemsImports = 5
		src\Common.Core\Common.Core.projitems*{6f020abd-6784-47e7-9526-1e8a83998942}*SharedItemsImports = 5
		src\Common.Harmony\Common.Harmony.projitems*{6f020abd-6784-47e7-9526-1e8a83998942}*SharedItemsImports = 5
		src\Common.PlayHome\Common.PlayHome.projitems*{6f020abd-6784-47e7-9526-1e8a83998942}*SharedItemsImports = 5
		src\Common.Core\Common.Core.projitems*{736f80a7-88a4-4508-b6c7-b36fdd175ae4}*SharedItemsImports = 4
		src\Common.HoneySelect2\Common.HoneySelect2.projitems*{736f80a7-88a4-4508-b6c7-b36fdd175ae4}*SharedItemsImports = 4
		src\DefaultStudioScene.Core\DefaultStudioScene.Core.projitems*{736f80a7-88a4-4508-b6c7-b36fdd175ae4}*SharedItemsImports = 4
		src\Common.Core\Common.Core.projitems*{74ea67fd-3a71-4043-abd5-b8907d70938c}*SharedItemsImports = 5
		src\Common.KoikatsuSunshine\Common.KoikatsuSunshine.projitems*{74ea67fd-3a71-4043-abd5-b8907d70938c}*SharedItemsImports = 5
		src\TitleShortcuts.Core\TitleShortcuts.Core.projitems*{74ea67fd-3a71-4043-abd5-b8907d70938c}*SharedItemsImports = 5
		src\UIUtility\UIUtility.projitems*{7f30866a-1b8b-40f1-8960-0e203eede225}*SharedItemsImports = 13
		src\Common.Core\Common.Core.projitems*{805950cd-b415-4a41-97e2-7bce459c08a0}*SharedItemsImports = 5
		src\Common.Koikatu\Common.Koikatu.projitems*{805950cd-b415-4a41-97e2-7bce459c08a0}*SharedItemsImports = 5
		src\Common.Core\Common.Core.projitems*{80c73b5c-d95e-4706-a7d8-48c79937283c}*SharedItemsImports = 5
		src\Common.Koikatu\Common.Koikatu.projitems*{80c73b5c-d95e-4706-a7d8-48c79937283c}*SharedItemsImports = 5
		src\DefaultStudioScene.Core\DefaultStudioScene.Core.projitems*{80c73b5c-d95e-4706-a7d8-48c79937283c}*SharedItemsImports = 5
		src\Common.Harmony\Common.Harmony.projitems*{81e73402-3a7e-4ed3-b990-33c1b31fc205}*SharedItemsImports = 13
		src\Common.Core\Common.Core.projitems*{858d3c30-b4c8-4c81-88e3-d569b61b0443}*SharedItemsImports = 5
		src\MakerBridge.Core\MakerBridge.Core.projitems*{858d3c30-b4c8-4c81-88e3-d569b61b0443}*SharedItemsImports = 5
		src\CharaStateX.Core\CharaStateX.Core.projitems*{8627399a-2f2d-4189-af7c-fc83345e148a}*SharedItemsImports = 4
		src\Common.Core\Common.Core.projitems*{8627399a-2f2d-4189-af7c-fc83345e148a}*SharedItemsImports = 4
		src\Common.KoikatsuSunshine\Common.KoikatsuSunshine.projitems*{8627399a-2f2d-4189-af7c-fc83345e148a}*SharedItemsImports = 4
		src\CameraFrameMask.Core\CameraFrameMask.Core.projitems*{869b9d19-89cc-47d4-9d8c-d0542a422b9a}*SharedItemsImports = 4
		src\Common.Core\Common.Core.projitems*{869b9d19-89cc-47d4-9d8c-d0542a422b9a}*SharedItemsImports = 4
		src\Common.KoikatsuSunshine\Common.KoikatsuSunshine.projitems*{869b9d19-89cc-47d4-9d8c-d0542a422b9a}*SharedItemsImports = 4
		src\BetterSceneLoader.Core\BetterSceneLoader.Core.projitems*{8b9e7744-8345-46e9-96b7-13b0269819cc}*SharedItemsImports = 5
		src\Common.Core\Common.Core.projitems*{8b9e7744-8345-46e9-96b7-13b0269819cc}*SharedItemsImports = 5
		src\Common.HoneySelect2\Common.HoneySelect2.projitems*{8b9e7744-8345-46e9-96b7-13b0269819cc}*SharedItemsImports = 5
		src\Common.Utils\Common.Utils.projitems*{8b9e7744-8345-46e9-96b7-13b0269819cc}*SharedItemsImports = 5
		src\UIUtility\UIUtility.projitems*{8b9e7744-8345-46e9-96b7-13b0269819cc}*SharedItemsImports = 5
		src\Common.Core\Common.Core.projitems*{8c76020f-a387-4306-8fd3-aa4e7660c8c8}*SharedItemsImports = 5
		src\Common.KoikatsuSunshine\Common.KoikatsuSunshine.projitems*{8c76020f-a387-4306-8fd3-aa4e7660c8c8}*SharedItemsImports = 5
		src\LightManager.Core\LightManager.Core.projitems*{8c76020f-a387-4306-8fd3-aa4e7660c8c8}*SharedItemsImports = 5
		src\UIUtility\UIUtility.projitems*{8c76020f-a387-4306-8fd3-aa4e7660c8c8}*SharedItemsImports = 5
		src\Common.Core\Common.Core.projitems*{9495ffe8-c90d-44e6-ae4f-a21506594aad}*SharedItemsImports = 5
		src\Common.Koikatu\Common.Koikatu.projitems*{9495ffe8-c90d-44e6-ae4f-a21506594aad}*SharedItemsImports = 5
		src\LightManager.Core\LightManager.Core.projitems*{9495ffe8-c90d-44e6-ae4f-a21506594aad}*SharedItemsImports = 5
		src\UIUtility\UIUtility.projitems*{9495ffe8-c90d-44e6-ae4f-a21506594aad}*SharedItemsImports = 5
		src\Common.Core\Common.Core.projitems*{97b9edbf-3152-47db-8240-69818972e177}*SharedItemsImports = 5
		src\Common.PlayHome\Common.PlayHome.projitems*{97b9edbf-3152-47db-8240-69818972e177}*SharedItemsImports = 5
		src\Common.Core\Common.Core.projitems*{9c4ae49d-6960-4aa0-b41f-3be11a61db2e}*SharedItemsImports = 5
		src\Common.HoneySelect\Common.HoneySelect.projitems*{a19f5b25-6318-4323-93c8-b27f0343e582}*SharedItemsImports = 13
		src\Common.Core\Common.Core.projitems*{a24e1f1f-16de-46cc-9b90-65f0f60f3fba}*SharedItemsImports = 5
		src\Common.Koikatu\Common.Koikatu.projitems*{a24e1f1f-16de-46cc-9b90-65f0f60f3fba}*SharedItemsImports = 5
		src\Common.Unity\Common.Unity.projitems*{a24e1f1f-16de-46cc-9b90-65f0f60f3fba}*SharedItemsImports = 5
		src\FreeHDefaults.Core\FreeHDefaults.Core.projitems*{a24e1f1f-16de-46cc-9b90-65f0f60f3fba}*SharedItemsImports = 5
		src\RealPOV.Core\RealPOV.Core.projitems*{a52280cd-3cc4-452a-8c11-67e440e0262f}*SharedItemsImports = 13
		src\Common.Core\Common.Core.projitems*{a7afc683-c17f-4b97-8127-122bad10fbe8}*SharedItemsImports = 5
		src\Common.KoikatsuSunshine\Common.KoikatsuSunshine.projitems*{a7afc683-c17f-4b97-8127-122bad10fbe8}*SharedItemsImports = 5
		src\Common.Unity\Common.Unity.projitems*{a7afc683-c17f-4b97-8127-122bad10fbe8}*SharedItemsImports = 5
		src\FreeHDefaults.Core\FreeHDefaults.Core.projitems*{a7afc683-c17f-4b97-8127-122bad10fbe8}*SharedItemsImports = 5
		src\Common.Core\Common.Core.projitems*{a9a5b556-b590-4948-9e89-87d38623daf1}*SharedItemsImports = 5
		src\Common.Koikatu\Common.Koikatu.projitems*{a9a5b556-b590-4948-9e89-87d38623daf1}*SharedItemsImports = 5
		src\Common.Unity\Common.Unity.projitems*{a9a5b556-b590-4948-9e89-87d38623daf1}*SharedItemsImports = 5
		src\ItemLayerEdit.Core\ItemLayerEdit.Core.projitems*{a9a5b556-b590-4948-9e89-87d38623daf1}*SharedItemsImports = 5
		src\UIUtility\UIUtility.projitems*{a9a5b556-b590-4948-9e89-87d38623daf1}*SharedItemsImports = 5
		src\Common.Utils\Common.Utils.projitems*{afc4ee66-2891-439a-925a-baf22553e1ba}*SharedItemsImports = 13
		src\Common.Core\Common.Core.projitems*{b026fae9-1938-4650-b76b-e3810ed2c9ce}*SharedItemsImports = 4
		src\Common.HoneySelect2\Common.HoneySelect2.projitems*{b026fae9-1938-4650-b76b-e3810ed2c9ce}*SharedItemsImports = 4
		src\Common.Unity\Common.Unity.projitems*{b026fae9-1938-4650-b76b-e3810ed2c9ce}*SharedItemsImports = 4
		src\ItemLayerEdit.Core\ItemLayerEdit.Core.projitems*{b026fae9-1938-4650-b76b-e3810ed2c9ce}*SharedItemsImports = 4
		src\UIUtility\UIUtility.projitems*{b026fae9-1938-4650-b76b-e3810ed2c9ce}*SharedItemsImports = 4
		src\Common.Core\Common.Core.projitems*{c8de4a42-1b6c-4e58-985e-76972009a8bf}*SharedItemsImports = 5
		src\CharaStateX.Core\CharaStateX.Core.projitems*{c9703eb1-626b-4d1d-aeb9-42e7cc0e4220}*SharedItemsImports = 5
		src\Common.Core\Common.Core.projitems*{c9703eb1-626b-4d1d-aeb9-42e7cc0e4220}*SharedItemsImports = 5
		src\Common.Koikatu\Common.Koikatu.projitems*{c9703eb1-626b-4d1d-aeb9-42e7cc0e4220}*SharedItemsImports = 5
		src\Common.Core\Common.Core.projitems*{ca3a790c-911e-441b-b9c6-4d45dcb9882e}*SharedItemsImports = 5
		src\Common.Harmony\Common.Harmony.projitems*{ca3a790c-911e-441b-b9c6-4d45dcb9882e}*SharedItemsImports = 5
		src\Common.Koikatu\Common.Koikatu.projitems*{ca3a790c-911e-441b-b9c6-4d45dcb9882e}*SharedItemsImports = 5
		src\TitleShortcuts.Core\TitleShortcuts.Core.projitems*{ca3a790c-911e-441b-b9c6-4d45dcb9882e}*SharedItemsImports = 5
		src\Common.Core\Common.Core.projitems*{ca3c684f-a778-4c76-8ca2-dfb93a8cac13}*SharedItemsImports = 5
		src\Common.HoneySelect2\Common.HoneySelect2.projitems*{ca3c684f-a778-4c76-8ca2-dfb93a8cac13}*SharedItemsImports = 5
		src\TitleShortcuts.Core\TitleShortcuts.Core.projitems*{ca3c684f-a778-4c76-8ca2-dfb93a8cac13}*SharedItemsImports = 5
		src\Common.Core\Common.Core.projitems*{cf849c91-b667-4196-b162-1635163f0476}*SharedItemsImports = 4
		src\Common.KoikatsuSunshine\Common.KoikatsuSunshine.projitems*{cf849c91-b667-4196-b162-1635163f0476}*SharedItemsImports = 4
		src\StudioAddonLite.Core\StudioAddonLite.Core.projitems*{cf849c91-b667-4196-b162-1635163f0476}*SharedItemsImports = 4
		src\Common.KoikatsuSunshine\Common.KoikatsuSunshine.projitems*{d0c39de2-d3e6-46bf-8a32-19250bf4f2d4}*SharedItemsImports = 13
		src\LightManager.Core\LightManager.Core.projitems*{d2938a42-199f-4a5b-8c9b-6592e9e53424}*SharedItemsImports = 13
		src\FreeHDefaults.Core\FreeHDefaults.Core.projitems*{d77a4720-b234-4a59-b7ef-7f9abea81cd3}*SharedItemsImports = 13
		src\Common.Core\Common.Core.projitems*{dd7d6945-54a6-4190-8f49-46a189ee32cd}*SharedItemsImports = 13
		src\Common.Core\Common.Core.projitems*{e16fe139-deeb-4659-a20c-242c03713347}*SharedItemsImports = 5
		src\Common.KoikatsuSunshine\Common.KoikatsuSunshine.projitems*{e16fe139-deeb-4659-a20c-242c03713347}*SharedItemsImports = 5
		src\Common.Utils\Common.Utils.projitems*{e16fe139-deeb-4659-a20c-242c03713347}*SharedItemsImports = 5
		src\LockOnPlugin.Core\LockOnPlugin.Core.projitems*{e16fe139-deeb-4659-a20c-242c03713347}*SharedItemsImports = 5
		src\Common.Core\Common.Core.projitems*{e696ab96-e970-4f15-b9ce-911e0969c71b}*SharedItemsImports = 4
		src\Common.KoikatsuSunshine\Common.KoikatsuSunshine.projitems*{e696ab96-e970-4f15-b9ce-911e0969c71b}*SharedItemsImports = 4
		src\Common.Unity\Common.Unity.projitems*{e696ab96-e970-4f15-b9ce-911e0969c71b}*SharedItemsImports = 4
		src\ItemLayerEdit.Core\ItemLayerEdit.Core.projitems*{e696ab96-e970-4f15-b9ce-911e0969c71b}*SharedItemsImports = 4
		src\UIUtility\UIUtility.projitems*{e696ab96-e970-4f15-b9ce-911e0969c71b}*SharedItemsImports = 4
		src\Common.Core\Common.Core.projitems*{efe42a5e-391c-4261-8b4a-9c9fb5aab9d8}*SharedItemsImports = 5
		src\Common.Koikatu\Common.Koikatu.projitems*{efe42a5e-391c-4261-8b4a-9c9fb5aab9d8}*SharedItemsImports = 5
		src\Common.Unity\Common.Unity.projitems*{efe42a5e-391c-4261-8b4a-9c9fb5aab9d8}*SharedItemsImports = 5
		src\DefaultParamEditor.Core\DefaultParamEditor.Core.projitems*{efe42a5e-391c-4261-8b4a-9c9fb5aab9d8}*SharedItemsImports = 5
		src\Common.HoneySelect2\Common.HoneySelect2.projitems*{f452236d-9ff5-4897-8ee8-da0c1d49974d}*SharedItemsImports = 13
		src\Common.Core\Common.Core.projitems*{f6c012f1-f0bc-4b65-999d-8939da4b2dd5}*SharedItemsImports = 5
		src\Common.Koikatu\Common.Koikatu.projitems*{f6c012f1-f0bc-4b65-999d-8939da4b2dd5}*SharedItemsImports = 5
		src\RealPOV.Core.Koikatu\RealPOV.Core.Koikatu.projitems*{f6c012f1-f0bc-4b65-999d-8939da4b2dd5}*SharedItemsImports = 5
		src\RealPOV.Core\RealPOV.Core.projitems*{f6c012f1-f0bc-4b65-999d-8939da4b2dd5}*SharedItemsImports = 5
		src\Common.Core\Common.Core.projitems*{f81d04e1-5fec-4457-a694-e8c4aeabcdbb}*SharedItemsImports = 4
		src\MakerBridge.Core\MakerBridge.Core.projitems*{f81d04e1-5fec-4457-a694-e8c4aeabcdbb}*SharedItemsImports = 4
		src\Common.Core\Common.Core.projitems*{f927c67b-778f-4144-92e4-2ae745790893}*SharedItemsImports = 5
		src\Common.Koikatu\Common.Koikatu.projitems*{f927c67b-778f-4144-92e4-2ae745790893}*SharedItemsImports = 5
		src\Common.Utils\Common.Utils.projitems*{f927c67b-778f-4144-92e4-2ae745790893}*SharedItemsImports = 5
		src\UIUtility\UIUtility.projitems*{f927c67b-778f-4144-92e4-2ae745790893}*SharedItemsImports = 5
	EndGlobalSection
EndGlobal
