
Microsoft Visual Studio Solution File, Format Version 12.00
# Visual Studio Version 16
VisualStudioVersion = 16.0.29519.181
MinimumVisualStudioVersion = 10.0.40219.1
Project("{2150E333-8FDC-42A3-9474-1A3956D46DE8}") = "LockOnPlugin", "LockOnPlugin", "{FAF05F03-1080-46D3-AB9B-C67556251D3A}"
EndProject
Project("{D954291E-2A0B-460D-934E-DC6B0785DB48}") = "LockOnPlugin.Core", "src\LockOnPlugin.Core\LockOnPlugin.Core.shproj", "{073D65BA-9BB7-4386-9B01-F86FA6DF6984}"
EndProject
Project("{FAE04EC0-301F-11D3-BF4B-00C04F79EFBC}") = "LockOnPlugin.Koikatu", "src\LockOnPlugin.Koikatu\LockOnPlugin.Koikatu.csproj", "{0902BF3D-81D2-4AEE-AB32-EF238F15052E}"
EndProject
Project("{D954291E-2A0B-460D-934E-DC6B0785DB48}") = "Common.Core", "src\Common.Core\Common.Core.shproj", "{DD7D6945-54A6-4190-8F49-46A189EE32CD}"
EndProject
Project("{D954291E-2A0B-460D-934E-DC6B0785DB48}") = "Common.Koikatu", "src\Common.Koikatu\Common.Koikatu.shproj", "{5FC98374-508A-40B7-B4E1-EDB3B1D482F6}"
EndProject
Project("{2150E333-8FDC-42A3-9474-1A3956D46DE8}") = "archive", "archive", "{AD19F107-FED6-4ABD-B57E-1D584CCF0EC1}"
	ProjectSection(SolutionItems) = preProject
		archive\AssetHelper.cs = archive\AssetHelper.cs
		archive\BoundsUtils.cs = archive\BoundsUtils.cs
		archive\FreeHControl.cs = archive\FreeHControl.cs
		archive\SelfieCam.cs = archive\SelfieCam.cs
		archive\ShadowRealm.cs = archive\ShadowRealm.cs
		archive\StudioUX.cs = archive\StudioUX.cs
		archive\Unlocker.cs = archive\Unlocker.cs
	EndProjectSection
EndProject
Project("{2150E333-8FDC-42A3-9474-1A3956D46DE8}") = "CharaStateX", "CharaStateX", "{E88E800F-6D94-450F-B756-66B3960E4795}"
EndProject
Project("{D954291E-2A0B-460D-934E-DC6B0785DB48}") = "CharaStateX.Core", "src\CharaStateX.Core\CharaStateX.Core.shproj", "{E6FC0727-CF45-4F39-80C6-8816DBA8D060}"
EndProject
Project("{FAE04EC0-301F-11D3-BF4B-00C04F79EFBC}") = "CharaStateX.Koikatu", "src\CharaStateX.Koikatu\CharaStateX.Koikatu.csproj", "{C9703EB1-626B-4D1D-AEB9-42E7CC0E4220}"
EndProject
Project("{2150E333-8FDC-42A3-9474-1A3956D46DE8}") = "DefaultParamEditor", "DefaultParamEditor", "{F41D7322-8267-4A9A-866D-6517616A5996}"
EndProject
Project("{FAE04EC0-301F-11D3-BF4B-00C04F79EFBC}") = "DefaultParamEditor.Koikatu", "src\DefaultParamEditor.Koikatu\DefaultParamEditor.Koikatu.csproj", "{EFE42A5E-391C-4261-8B4A-9C9FB5AAB9D8}"
EndProject
Project("{FAE04EC0-301F-11D3-BF4B-00C04F79EFBC}") = "ItemLayerEdit.Koikatu", "src\ItemLayerEdit.Koikatu\ItemLayerEdit.Koikatu.csproj", "{A9A5B556-B590-4948-9E89-87D38623DAF1}"
EndProject
Project("{2150E333-8FDC-42A3-9474-1A3956D46DE8}") = "LightManager", "LightManager", "{21652626-F032-4986-B258-C36B4C9115E7}"
EndProject
Project("{2150E333-8FDC-42A3-9474-1A3956D46DE8}") = "MakerBridge", "MakerBridge", "{17FF704B-6D86-4F64-8052-123DC8C2AC0A}"
EndProject
Project("{2150E333-8FDC-42A3-9474-1A3956D46DE8}") = "TitleShortcuts", "TitleShortcuts", "{E462D3D8-0715-45C9-869C-F1FA8CD2F5CD}"
EndProject
Project("{D954291E-2A0B-460D-934E-DC6B0785DB48}") = "LightManager.Core", "src\LightManager.Core\LightManager.Core.shproj", "{D2938A42-199F-4A5B-8C9B-6592E9E53424}"
EndProject
Project("{FAE04EC0-301F-11D3-BF4B-00C04F79EFBC}") = "LightManager.Koikatu", "src\LightManager.Koikatu\LightManager.Koikatu.csproj", "{9495FFE8-C90D-44E6-AE4F-A21506594AAD}"
EndProject
Project("{FAE04EC0-301F-11D3-BF4B-00C04F79EFBC}") = "MakerBridge.Koikatu", "src\MakerBridge.Koikatu\MakerBridge.Koikatu.csproj", "{858D3C30-B4C8-4C81-88E3-D569B61B0443}"
EndProject
Project("{D954291E-2A0B-460D-934E-DC6B0785DB48}") = "MakerBridge.Core", "src\MakerBridge.Core\MakerBridge.Core.shproj", "{3B6CD84F-6327-46B6-91E1-5EB972BC60FE}"
EndProject
Project("{FAE04EC0-301F-11D3-BF4B-00C04F79EFBC}") = "TitleShortcuts.Koikatu", "src\TitleShortcuts.Koikatu\TitleShortcuts.Koikatu.csproj", "{CA3A790C-911E-441B-B9C6-4D45DCB9882E}"
EndProject
Project("{D954291E-2A0B-460D-934E-DC6B0785DB48}") = "UIUtility", "src\UIUtility\UIUtility.shproj", "{7F30866A-1B8B-40F1-8960-0E203EEDE225}"
EndProject
Project("{FAE04EC0-301F-11D3-BF4B-00C04F79EFBC}") = "AltAutoMode.PlayHome", "src\AltAutoMode.PlayHome\AltAutoMode.PlayHome.csproj", "{97B9EDBF-3152-47DB-8240-69818972E177}"
EndProject
Project("{D954291E-2A0B-460D-934E-DC6B0785DB48}") = "Common.PlayHome", "src\Common.PlayHome\Common.PlayHome.shproj", "{624F7C3F-0557-4FA6-A915-C99C5A40A851}"
EndProject
Project("{D954291E-2A0B-460D-934E-DC6B0785DB48}") = "Common.HoneySelect", "src\Common.HoneySelect\Common.HoneySelect.shproj", "{A19F5B25-6318-4323-93C8-B27F0343E582}"
EndProject
Project("{FAE04EC0-301F-11D3-BF4B-00C04F79EFBC}") = "SoundEffects.PlayHome", "src\SoundEffects.PlayHome\SoundEffects.PlayHome.csproj", "{55D59483-E493-40CA-9FD6-538063647F38}"
EndProject
Project("{2150E333-8FDC-42A3-9474-1A3956D46DE8}") = "RealPOV", "RealPOV", "{58AAB72D-86B3-4445-B25E-62D6A7FF1237}"
EndProject
Project("{FAE04EC0-301F-11D3-BF4B-00C04F79EFBC}") = "RealPOV.PlayHome", "src\RealPOV.PlayHome\RealPOV.PlayHome.csproj", "{4AEB033D-D953-4E02-9274-CB44160E6B7F}"
EndProject
Project("{FAE04EC0-301F-11D3-BF4B-00C04F79EFBC}") = "RealPOV.Koikatu", "src\RealPOV.Koikatu\RealPOV.Koikatu.csproj", "{F6C012F1-F0BC-4B65-999D-8939DA4B2DD5}"
EndProject
Project("{D954291E-2A0B-460D-934E-DC6B0785DB48}") = "RealPOV.Core", "src\RealPOV.Core\RealPOV.Core.shproj", "{A52280CD-3CC4-452A-8C11-67E440E0262F}"
EndProject
Project("{FAE04EC0-301F-11D3-BF4B-00C04F79EFBC}") = "PosePng.Koikatu", "src\PosePng.Koikatu\PosePng.Koikatu.csproj", "{987845C6-3389-4D18-9E1D-43CB0414573E}"
EndProject
Project("{FAE04EC0-301F-11D3-BF4B-00C04F79EFBC}") = "BlendShaper.Koikatu", "src\BlendShaper.Koikatu\BlendShaper.Koikatu.csproj", "{2CBE1772-D2A2-40A5-8014-81904AAB9781}"
EndProject
Project("{D954291E-2A0B-460D-934E-DC6B0785DB48}") = "DefaultParamEditor.Core", "src\DefaultParamEditor.Core\DefaultParamEditor.Core.shproj", "{4994D068-6E18-414B-8FBF-A035EC46CCEE}"
EndProject
Project("{FAE04EC0-301F-11D3-BF4B-00C04F79EFBC}") = "StudioAddonLite.Koikatu", "src\StudioAddonLite.Koikatu\StudioAddonLite.Koikatu.csproj", "{124A215F-69B4-4310-98DE-209FAFE16D44}"
EndProject
Project("{FAE04EC0-301F-11D3-BF4B-00C04F79EFBC}") = "TitleShortcuts.HoneySelect", "src\TitleShortcuts.HoneySelect\TitleShortcuts.HoneySelect.csproj", "{5A7AE896-F7D0-4300-831B-CDD21A770E21}"
EndProject
Project("{D954291E-2A0B-460D-934E-DC6B0785DB48}") = "TitleShortcuts.Core", "src\TitleShortcuts.Core\TitleShortcuts.Core.shproj", "{4D175C74-23CC-45DB-8225-537DB7E33142}"
EndProject
Project("{2150E333-8FDC-42A3-9474-1A3956D46DE8}") = "src", "src", "{BA55B5E5-B0FD-465F-93F2-D73BD193AC86}"
	ProjectSection(SolutionItems) = preProject
		src\BuildSettings.AISyoujyo.props = src\BuildSettings.AISyoujyo.props
		src\BuildSettings.HoneySelect.props = src\BuildSettings.HoneySelect.props
		src\BuildSettings.Koikatu.props = src\BuildSettings.Koikatu.props
		src\BuildSettings.PlayHome.props = src\BuildSettings.PlayHome.props
	EndProjectSection
EndProject
Project("{FAE04EC0-301F-11D3-BF4B-00C04F79EFBC}") = "AnimeAssAssistant.Koikatu", "src\AnimeAssAssistant.Koikatu\AnimeAssAssistant.Koikatu.csproj", "{394BC9B7-DB38-4172-9B2C-60918E87B763}"
EndProject
Project("{FAE04EC0-301F-11D3-BF4B-00C04F79EFBC}") = "MoreSlotIDBep.PlayHome", "src\MoreSlotIDBep.PlayHome\MoreSlotIDBep.PlayHome.csproj", "{BE9297C1-8920-433D-8DCC-1D7C4F7B155D}"
EndProject
Project("{D954291E-2A0B-460D-934E-DC6B0785DB48}") = "Common.Core.Event", "src\Common.Core.Event\Common.Core.Event.shproj", "{2A4067D3-D380-492B-946B-E7F221259439}"
EndProject
Project("{FAE04EC0-301F-11D3-BF4B-00C04F79EFBC}") = "TitleShortcuts.AISyoujyo", "src\TitleShortcuts.AISyoujyo\TitleShortcuts.AISyoujyo.csproj", "{0F9AA09D-DCF3-41DE-8028-61735024FE80}"
EndProject
Project("{D954291E-2A0B-460D-934E-DC6B0785DB48}") = "Common.AISyoujyo", "src\Common.AISyoujyo\Common.AISyoujyo.shproj", "{5837FDE8-4B7C-431B-9402-3D8019F7BF37}"
EndProject
Project("{FAE04EC0-301F-11D3-BF4B-00C04F79EFBC}") = "Testing.AISyoujyo", "src\Testing.AISyoujyo\Testing.AISyoujyo.csproj", "{D2625C46-77D9-4D75-BDCD-EA7D402D33F6}"
EndProject
Project("{FAE04EC0-301F-11D3-BF4B-00C04F79EFBC}") = "ModLoader.PlayHome", "src\ModLoader.PlayHome\ModLoader.PlayHome.csproj", "{9F4A6B41-3465-4086-A1E2-023699B3F2EE}"
EndProject
Project("{FAE04EC0-301F-11D3-BF4B-00C04F79EFBC}") = "CameraFrameMask.Koikatu", "src\CameraFrameMask.Koikatu\CameraFrameMask.Koikatu.csproj", "{558ED2D2-7FB3-4EEC-B280-46DECBE4EC3C}"
EndProject
Project("{FAE04EC0-301F-11D3-BF4B-00C04F79EFBC}") = "EyeLookEditor.Koikatu", "src\EyeLookEditor.Koikatu\EyeLookEditor.Koikatu.csproj", "{6D058450-09B2-4D25-903F-9AE3A75DF066}"
EndProject
Global
	GlobalSection(SharedMSBuildProjectFiles) = preSolution
		src\LockOnPlugin.Core\LockOnPlugin.Core.projitems*{073d65ba-9bb7-4386-9b01-f86fa6df6984}*SharedItemsImports = 13
		src\Common.Core.Event\Common.Core.Event.projitems*{0902bf3d-81d2-4aee-ab32-ef238f15052e}*SharedItemsImports = 4
		src\Common.Core\Common.Core.projitems*{0902bf3d-81d2-4aee-ab32-ef238f15052e}*SharedItemsImports = 4
		src\Common.Koikatu\Common.Koikatu.projitems*{0902bf3d-81d2-4aee-ab32-ef238f15052e}*SharedItemsImports = 4
		src\LockOnPlugin.Core\LockOnPlugin.Core.projitems*{0902bf3d-81d2-4aee-ab32-ef238f15052e}*SharedItemsImports = 4
		src\Common.AISyoujyo\Common.AISyoujyo.projitems*{0f9aa09d-dcf3-41de-8028-61735024fe80}*SharedItemsImports = 4
		src\Common.Core\Common.Core.projitems*{0f9aa09d-dcf3-41de-8028-61735024fe80}*SharedItemsImports = 4
		src\TitleShortcuts.Core\TitleShortcuts.Core.projitems*{0f9aa09d-dcf3-41de-8028-61735024fe80}*SharedItemsImports = 4
		src\Common.Core\Common.Core.projitems*{124a215f-69b4-4310-98de-209fafe16d44}*SharedItemsImports = 4
		src\Common.Koikatu\Common.Koikatu.projitems*{124a215f-69b4-4310-98de-209fafe16d44}*SharedItemsImports = 4
		src\Common.Core.Event\Common.Core.Event.projitems*{2a4067d3-d380-492b-946b-e7f221259439}*SharedItemsImports = 13
		src\Common.Core\Common.Core.projitems*{2cbe1772-d2a2-40a5-8014-81904aab9781}*SharedItemsImports = 4
		src\Common.Koikatu\Common.Koikatu.projitems*{2cbe1772-d2a2-40a5-8014-81904aab9781}*SharedItemsImports = 4
		src\UIUtility\UIUtility.projitems*{2cbe1772-d2a2-40a5-8014-81904aab9781}*SharedItemsImports = 4
		src\Common.Core\Common.Core.projitems*{394bc9b7-db38-4172-9b2c-60918e87b763}*SharedItemsImports = 4
		src\Common.Koikatu\Common.Koikatu.projitems*{394bc9b7-db38-4172-9b2c-60918e87b763}*SharedItemsImports = 4
		src\MakerBridge.Core\MakerBridge.Core.projitems*{3b6cd84f-6327-46b6-91e1-5eb972bc60fe}*SharedItemsImports = 13
		src\DefaultParamEditor.Core\DefaultParamEditor.Core.projitems*{4994d068-6e18-414b-8fbf-a035ec46ccee}*SharedItemsImports = 13
		src\Common.Core.Event\Common.Core.Event.projitems*{4aeb033d-d953-4e02-9274-cb44160e6b7f}*SharedItemsImports = 4
		src\Common.Core\Common.Core.projitems*{4aeb033d-d953-4e02-9274-cb44160e6b7f}*SharedItemsImports = 4
		src\RealPOV.Core\RealPOV.Core.projitems*{4aeb033d-d953-4e02-9274-cb44160e6b7f}*SharedItemsImports = 4
		src\TitleShortcuts.Core\TitleShortcuts.Core.projitems*{4d175c74-23cc-45db-8225-537db7e33142}*SharedItemsImports = 13
		src\Common.Core\Common.Core.projitems*{558ed2d2-7fb3-4eec-b280-46decbe4ec3c}*SharedItemsImports = 4
		src\Common.Koikatu\Common.Koikatu.projitems*{558ed2d2-7fb3-4eec-b280-46decbe4ec3c}*SharedItemsImports = 4
		src\Common.Core\Common.Core.projitems*{55d59483-e493-40ca-9fd6-538063647f38}*SharedItemsImports = 4
		src\Common.PlayHome\Common.PlayHome.projitems*{55d59483-e493-40ca-9fd6-538063647f38}*SharedItemsImports = 4
		src\Common.AISyoujyo\Common.AISyoujyo.projitems*{5837fde8-4b7c-431b-9402-3d8019f7bf37}*SharedItemsImports = 13
		src\Common.Core\Common.Core.projitems*{5a7ae896-f7d0-4300-831b-cdd21a770e21}*SharedItemsImports = 4
		src\Common.HoneySelect\Common.HoneySelect.projitems*{5a7ae896-f7d0-4300-831b-cdd21a770e21}*SharedItemsImports = 4
		src\TitleShortcuts.Core\TitleShortcuts.Core.projitems*{5a7ae896-f7d0-4300-831b-cdd21a770e21}*SharedItemsImports = 4
		src\Common.Koikatu\Common.Koikatu.projitems*{5fc98374-508a-40b7-b4e1-edb3b1d482f6}*SharedItemsImports = 13
		src\Common.PlayHome\Common.PlayHome.projitems*{624f7c3f-0557-4fa6-a915-c99c5a40a851}*SharedItemsImports = 13
		src\Common.Core\Common.Core.projitems*{6d058450-09b2-4d25-903f-9ae3a75df066}*SharedItemsImports = 4
		src\Common.Koikatu\Common.Koikatu.projitems*{6d058450-09b2-4d25-903f-9ae3a75df066}*SharedItemsImports = 4
		src\UIUtility\UIUtility.projitems*{7f30866a-1b8b-40f1-8960-0e203eede225}*SharedItemsImports = 13
		src\Common.Core\Common.Core.projitems*{858d3c30-b4c8-4c81-88e3-d569b61b0443}*SharedItemsImports = 4
		src\MakerBridge.Core\MakerBridge.Core.projitems*{858d3c30-b4c8-4c81-88e3-d569b61b0443}*SharedItemsImports = 4
		src\Common.Core\Common.Core.projitems*{9495ffe8-c90d-44e6-ae4f-a21506594aad}*SharedItemsImports = 4
		src\Common.Koikatu\Common.Koikatu.projitems*{9495ffe8-c90d-44e6-ae4f-a21506594aad}*SharedItemsImports = 4
		src\LightManager.Core\LightManager.Core.projitems*{9495ffe8-c90d-44e6-ae4f-a21506594aad}*SharedItemsImports = 4
		src\UIUtility\UIUtility.projitems*{9495ffe8-c90d-44e6-ae4f-a21506594aad}*SharedItemsImports = 4
		src\Common.Core\Common.Core.projitems*{97b9edbf-3152-47db-8240-69818972e177}*SharedItemsImports = 4
		src\Common.PlayHome\Common.PlayHome.projitems*{97b9edbf-3152-47db-8240-69818972e177}*SharedItemsImports = 4
		src\Common.Core\Common.Core.projitems*{987845c6-3389-4d18-9e1d-43cb0414573e}*SharedItemsImports = 4
		src\Common.Koikatu\Common.Koikatu.projitems*{987845c6-3389-4d18-9e1d-43cb0414573e}*SharedItemsImports = 4
		src\Common.Core\Common.Core.projitems*{9f4a6b41-3465-4086-a1e2-023699b3f2ee}*SharedItemsImports = 4
		src\Common.PlayHome\Common.PlayHome.projitems*{9f4a6b41-3465-4086-a1e2-023699b3f2ee}*SharedItemsImports = 4
		src\Common.HoneySelect\Common.HoneySelect.projitems*{a19f5b25-6318-4323-93c8-b27f0343e582}*SharedItemsImports = 13
		src\RealPOV.Core\RealPOV.Core.projitems*{a52280cd-3cc4-452a-8c11-67e440e0262f}*SharedItemsImports = 13
		src\Common.Core\Common.Core.projitems*{a9a5b556-b590-4948-9e89-87d38623daf1}*SharedItemsImports = 4
		src\Common.Koikatu\Common.Koikatu.projitems*{a9a5b556-b590-4948-9e89-87d38623daf1}*SharedItemsImports = 4
		src\UIUtility\UIUtility.projitems*{a9a5b556-b590-4948-9e89-87d38623daf1}*SharedItemsImports = 4
		src\Common.Core\Common.Core.projitems*{be9297c1-8920-433d-8dcc-1d7c4f7b155d}*SharedItemsImports = 4
		src\Common.Core\Common.Core.projitems*{c9703eb1-626b-4d1d-aeb9-42e7cc0e4220}*SharedItemsImports = 4
		src\Common.Koikatu\Common.Koikatu.projitems*{c9703eb1-626b-4d1d-aeb9-42e7cc0e4220}*SharedItemsImports = 4
		src\Common.Core\Common.Core.projitems*{ca3a790c-911e-441b-b9c6-4d45dcb9882e}*SharedItemsImports = 4
		src\Common.Koikatu\Common.Koikatu.projitems*{ca3a790c-911e-441b-b9c6-4d45dcb9882e}*SharedItemsImports = 4
		src\TitleShortcuts.Core\TitleShortcuts.Core.projitems*{ca3a790c-911e-441b-b9c6-4d45dcb9882e}*SharedItemsImports = 4
		src\Common.AISyoujyo\Common.AISyoujyo.projitems*{d2625c46-77d9-4d75-bdcd-ea7d402d33f6}*SharedItemsImports = 4
		src\Common.Core\Common.Core.projitems*{d2625c46-77d9-4d75-bdcd-ea7d402d33f6}*SharedItemsImports = 4
		src\LightManager.Core\LightManager.Core.projitems*{d2938a42-199f-4a5b-8c9b-6592e9e53424}*SharedItemsImports = 13
		src\Common.Core\Common.Core.projitems*{dd7d6945-54a6-4190-8f49-46a189ee32cd}*SharedItemsImports = 13
		src\CharaStateX.Core\CharaStateX.Core.projitems*{e6fc0727-cf45-4f39-80c6-8816dba8d060}*SharedItemsImports = 13
		src\Common.Core.Event\Common.Core.Event.projitems*{efe42a5e-391c-4261-8b4a-9c9fb5aab9d8}*SharedItemsImports = 4
		src\Common.Core\Common.Core.projitems*{efe42a5e-391c-4261-8b4a-9c9fb5aab9d8}*SharedItemsImports = 4
		src\Common.Koikatu\Common.Koikatu.projitems*{efe42a5e-391c-4261-8b4a-9c9fb5aab9d8}*SharedItemsImports = 4
		src\Common.Core\Common.Core.projitems*{f6c012f1-f0bc-4b65-999d-8939da4b2dd5}*SharedItemsImports = 4
		src\Common.Koikatu\Common.Koikatu.projitems*{f6c012f1-f0bc-4b65-999d-8939da4b2dd5}*SharedItemsImports = 4
		src\RealPOV.Core\RealPOV.Core.projitems*{f6c012f1-f0bc-4b65-999d-8939da4b2dd5}*SharedItemsImports = 4
	EndGlobalSection
	GlobalSection(SolutionConfigurationPlatforms) = preSolution
		Debug|Any CPU = Debug|Any CPU
		Release|Any CPU = Release|Any CPU
	EndGlobalSection
	GlobalSection(ProjectConfigurationPlatforms) = postSolution
		{0902BF3D-81D2-4AEE-AB32-EF238F15052E}.Debug|Any CPU.ActiveCfg = Debug|Any CPU
		{0902BF3D-81D2-4AEE-AB32-EF238F15052E}.Debug|Any CPU.Build.0 = Debug|Any CPU
		{0902BF3D-81D2-4AEE-AB32-EF238F15052E}.Release|Any CPU.ActiveCfg = Release|Any CPU
		{0902BF3D-81D2-4AEE-AB32-EF238F15052E}.Release|Any CPU.Build.0 = Release|Any CPU
		{C9703EB1-626B-4D1D-AEB9-42E7CC0E4220}.Debug|Any CPU.ActiveCfg = Debug|Any CPU
		{C9703EB1-626B-4D1D-AEB9-42E7CC0E4220}.Debug|Any CPU.Build.0 = Debug|Any CPU
		{C9703EB1-626B-4D1D-AEB9-42E7CC0E4220}.Release|Any CPU.ActiveCfg = Release|Any CPU
		{C9703EB1-626B-4D1D-AEB9-42E7CC0E4220}.Release|Any CPU.Build.0 = Release|Any CPU
		{EFE42A5E-391C-4261-8B4A-9C9FB5AAB9D8}.Debug|Any CPU.ActiveCfg = Debug|Any CPU
		{EFE42A5E-391C-4261-8B4A-9C9FB5AAB9D8}.Debug|Any CPU.Build.0 = Debug|Any CPU
		{EFE42A5E-391C-4261-8B4A-9C9FB5AAB9D8}.Release|Any CPU.ActiveCfg = Release|Any CPU
		{EFE42A5E-391C-4261-8B4A-9C9FB5AAB9D8}.Release|Any CPU.Build.0 = Release|Any CPU
		{A9A5B556-B590-4948-9E89-87D38623DAF1}.Debug|Any CPU.ActiveCfg = Debug|Any CPU
		{A9A5B556-B590-4948-9E89-87D38623DAF1}.Debug|Any CPU.Build.0 = Debug|Any CPU
		{A9A5B556-B590-4948-9E89-87D38623DAF1}.Release|Any CPU.ActiveCfg = Release|Any CPU
		{A9A5B556-B590-4948-9E89-87D38623DAF1}.Release|Any CPU.Build.0 = Release|Any CPU
		{9495FFE8-C90D-44E6-AE4F-A21506594AAD}.Debug|Any CPU.ActiveCfg = Debug|Any CPU
		{9495FFE8-C90D-44E6-AE4F-A21506594AAD}.Debug|Any CPU.Build.0 = Debug|Any CPU
		{9495FFE8-C90D-44E6-AE4F-A21506594AAD}.Release|Any CPU.ActiveCfg = Release|Any CPU
		{9495FFE8-C90D-44E6-AE4F-A21506594AAD}.Release|Any CPU.Build.0 = Release|Any CPU
		{858D3C30-B4C8-4C81-88E3-D569B61B0443}.Debug|Any CPU.ActiveCfg = Debug|Any CPU
		{858D3C30-B4C8-4C81-88E3-D569B61B0443}.Debug|Any CPU.Build.0 = Debug|Any CPU
		{858D3C30-B4C8-4C81-88E3-D569B61B0443}.Release|Any CPU.ActiveCfg = Release|Any CPU
		{858D3C30-B4C8-4C81-88E3-D569B61B0443}.Release|Any CPU.Build.0 = Release|Any CPU
		{CA3A790C-911E-441B-B9C6-4D45DCB9882E}.Debug|Any CPU.ActiveCfg = Debug|Any CPU
		{CA3A790C-911E-441B-B9C6-4D45DCB9882E}.Debug|Any CPU.Build.0 = Debug|Any CPU
		{CA3A790C-911E-441B-B9C6-4D45DCB9882E}.Release|Any CPU.ActiveCfg = Release|Any CPU
		{CA3A790C-911E-441B-B9C6-4D45DCB9882E}.Release|Any CPU.Build.0 = Release|Any CPU
		{97B9EDBF-3152-47DB-8240-69818972E177}.Debug|Any CPU.ActiveCfg = Debug|Any CPU
		{97B9EDBF-3152-47DB-8240-69818972E177}.Debug|Any CPU.Build.0 = Debug|Any CPU
		{97B9EDBF-3152-47DB-8240-69818972E177}.Release|Any CPU.ActiveCfg = Release|Any CPU
		{97B9EDBF-3152-47DB-8240-69818972E177}.Release|Any CPU.Build.0 = Release|Any CPU
		{55D59483-E493-40CA-9FD6-538063647F38}.Debug|Any CPU.ActiveCfg = Debug|Any CPU
		{55D59483-E493-40CA-9FD6-538063647F38}.Debug|Any CPU.Build.0 = Debug|Any CPU
		{55D59483-E493-40CA-9FD6-538063647F38}.Release|Any CPU.ActiveCfg = Release|Any CPU
		{55D59483-E493-40CA-9FD6-538063647F38}.Release|Any CPU.Build.0 = Release|Any CPU
		{4AEB033D-D953-4E02-9274-CB44160E6B7F}.Debug|Any CPU.ActiveCfg = Debug|Any CPU
		{4AEB033D-D953-4E02-9274-CB44160E6B7F}.Debug|Any CPU.Build.0 = Debug|Any CPU
		{4AEB033D-D953-4E02-9274-CB44160E6B7F}.Release|Any CPU.ActiveCfg = Release|Any CPU
		{4AEB033D-D953-4E02-9274-CB44160E6B7F}.Release|Any CPU.Build.0 = Release|Any CPU
		{F6C012F1-F0BC-4B65-999D-8939DA4B2DD5}.Debug|Any CPU.ActiveCfg = Debug|Any CPU
		{F6C012F1-F0BC-4B65-999D-8939DA4B2DD5}.Debug|Any CPU.Build.0 = Debug|Any CPU
		{F6C012F1-F0BC-4B65-999D-8939DA4B2DD5}.Release|Any CPU.ActiveCfg = Release|Any CPU
		{F6C012F1-F0BC-4B65-999D-8939DA4B2DD5}.Release|Any CPU.Build.0 = Release|Any CPU
		{987845C6-3389-4D18-9E1D-43CB0414573E}.Debug|Any CPU.ActiveCfg = Debug|Any CPU
		{987845C6-3389-4D18-9E1D-43CB0414573E}.Debug|Any CPU.Build.0 = Debug|Any CPU
		{987845C6-3389-4D18-9E1D-43CB0414573E}.Release|Any CPU.ActiveCfg = Release|Any CPU
		{2CBE1772-D2A2-40A5-8014-81904AAB9781}.Debug|Any CPU.ActiveCfg = Debug|Any CPU
		{2CBE1772-D2A2-40A5-8014-81904AAB9781}.Debug|Any CPU.Build.0 = Debug|Any CPU
		{2CBE1772-D2A2-40A5-8014-81904AAB9781}.Release|Any CPU.ActiveCfg = Release|Any CPU
		{124A215F-69B4-4310-98DE-209FAFE16D44}.Debug|Any CPU.ActiveCfg = Debug|Any CPU
		{124A215F-69B4-4310-98DE-209FAFE16D44}.Debug|Any CPU.Build.0 = Debug|Any CPU
		{124A215F-69B4-4310-98DE-209FAFE16D44}.Release|Any CPU.ActiveCfg = Release|Any CPU
		{124A215F-69B4-4310-98DE-209FAFE16D44}.Release|Any CPU.Build.0 = Release|Any CPU
		{5A7AE896-F7D0-4300-831B-CDD21A770E21}.Debug|Any CPU.ActiveCfg = Debug|Any CPU
		{5A7AE896-F7D0-4300-831B-CDD21A770E21}.Debug|Any CPU.Build.0 = Debug|Any CPU
		{5A7AE896-F7D0-4300-831B-CDD21A770E21}.Release|Any CPU.ActiveCfg = Release|Any CPU
		{5A7AE896-F7D0-4300-831B-CDD21A770E21}.Release|Any CPU.Build.0 = Release|Any CPU
		{394BC9B7-DB38-4172-9B2C-60918E87B763}.Debug|Any CPU.ActiveCfg = Debug|Any CPU
		{394BC9B7-DB38-4172-9B2C-60918E87B763}.Debug|Any CPU.Build.0 = Debug|Any CPU
		{394BC9B7-DB38-4172-9B2C-60918E87B763}.Release|Any CPU.ActiveCfg = Release|Any CPU
		{394BC9B7-DB38-4172-9B2C-60918E87B763}.Release|Any CPU.Build.0 = Release|Any CPU
		{BE9297C1-8920-433D-8DCC-1D7C4F7B155D}.Debug|Any CPU.ActiveCfg = Debug|Any CPU
		{BE9297C1-8920-433D-8DCC-1D7C4F7B155D}.Debug|Any CPU.Build.0 = Debug|Any CPU
		{BE9297C1-8920-433D-8DCC-1D7C4F7B155D}.Release|Any CPU.ActiveCfg = Release|Any CPU
		{0F9AA09D-DCF3-41DE-8028-61735024FE80}.Debug|Any CPU.ActiveCfg = Debug|Any CPU
		{0F9AA09D-DCF3-41DE-8028-61735024FE80}.Debug|Any CPU.Build.0 = Debug|Any CPU
		{0F9AA09D-DCF3-41DE-8028-61735024FE80}.Release|Any CPU.ActiveCfg = Release|Any CPU
		{0F9AA09D-DCF3-41DE-8028-61735024FE80}.Release|Any CPU.Build.0 = Release|Any CPU
		{D2625C46-77D9-4D75-BDCD-EA7D402D33F6}.Debug|Any CPU.ActiveCfg = Debug|Any CPU
		{D2625C46-77D9-4D75-BDCD-EA7D402D33F6}.Debug|Any CPU.Build.0 = Debug|Any CPU
		{D2625C46-77D9-4D75-BDCD-EA7D402D33F6}.Release|Any CPU.ActiveCfg = Release|Any CPU
		{9F4A6B41-3465-4086-A1E2-023699B3F2EE}.Debug|Any CPU.ActiveCfg = Debug|Any CPU
		{9F4A6B41-3465-4086-A1E2-023699B3F2EE}.Debug|Any CPU.Build.0 = Debug|Any CPU
		{9F4A6B41-3465-4086-A1E2-023699B3F2EE}.Release|Any CPU.ActiveCfg = Release|Any CPU
		{558ED2D2-7FB3-4EEC-B280-46DECBE4EC3C}.Debug|Any CPU.ActiveCfg = Debug|Any CPU
		{558ED2D2-7FB3-4EEC-B280-46DECBE4EC3C}.Debug|Any CPU.Build.0 = Debug|Any CPU
		{558ED2D2-7FB3-4EEC-B280-46DECBE4EC3C}.Release|Any CPU.ActiveCfg = Release|Any CPU
		{6D058450-09B2-4D25-903F-9AE3A75DF066}.Debug|Any CPU.ActiveCfg = Debug|Any CPU
		{6D058450-09B2-4D25-903F-9AE3A75DF066}.Debug|Any CPU.Build.0 = Debug|Any CPU
		{6D058450-09B2-4D25-903F-9AE3A75DF066}.Release|Any CPU.ActiveCfg = Release|Any CPU
		{6D058450-09B2-4D25-903F-9AE3A75DF066}.Release|Any CPU.Build.0 = Release|Any CPU
	EndGlobalSection
	GlobalSection(SolutionProperties) = preSolution
		HideSolutionNode = FALSE
	EndGlobalSection
	GlobalSection(NestedProjects) = preSolution
		{FAF05F03-1080-46D3-AB9B-C67556251D3A} = {BA55B5E5-B0FD-465F-93F2-D73BD193AC86}
		{073D65BA-9BB7-4386-9B01-F86FA6DF6984} = {FAF05F03-1080-46D3-AB9B-C67556251D3A}
		{0902BF3D-81D2-4AEE-AB32-EF238F15052E} = {FAF05F03-1080-46D3-AB9B-C67556251D3A}
		{DD7D6945-54A6-4190-8F49-46A189EE32CD} = {BA55B5E5-B0FD-465F-93F2-D73BD193AC86}
		{5FC98374-508A-40B7-B4E1-EDB3B1D482F6} = {BA55B5E5-B0FD-465F-93F2-D73BD193AC86}
		{E88E800F-6D94-450F-B756-66B3960E4795} = {BA55B5E5-B0FD-465F-93F2-D73BD193AC86}
		{E6FC0727-CF45-4F39-80C6-8816DBA8D060} = {E88E800F-6D94-450F-B756-66B3960E4795}
		{C9703EB1-626B-4D1D-AEB9-42E7CC0E4220} = {E88E800F-6D94-450F-B756-66B3960E4795}
		{F41D7322-8267-4A9A-866D-6517616A5996} = {BA55B5E5-B0FD-465F-93F2-D73BD193AC86}
		{EFE42A5E-391C-4261-8B4A-9C9FB5AAB9D8} = {F41D7322-8267-4A9A-866D-6517616A5996}
		{A9A5B556-B590-4948-9E89-87D38623DAF1} = {BA55B5E5-B0FD-465F-93F2-D73BD193AC86}
		{21652626-F032-4986-B258-C36B4C9115E7} = {BA55B5E5-B0FD-465F-93F2-D73BD193AC86}
		{17FF704B-6D86-4F64-8052-123DC8C2AC0A} = {BA55B5E5-B0FD-465F-93F2-D73BD193AC86}
		{E462D3D8-0715-45C9-869C-F1FA8CD2F5CD} = {BA55B5E5-B0FD-465F-93F2-D73BD193AC86}
		{D2938A42-199F-4A5B-8C9B-6592E9E53424} = {21652626-F032-4986-B258-C36B4C9115E7}
		{9495FFE8-C90D-44E6-AE4F-A21506594AAD} = {21652626-F032-4986-B258-C36B4C9115E7}
		{858D3C30-B4C8-4C81-88E3-D569B61B0443} = {17FF704B-6D86-4F64-8052-123DC8C2AC0A}
		{3B6CD84F-6327-46B6-91E1-5EB972BC60FE} = {17FF704B-6D86-4F64-8052-123DC8C2AC0A}
		{CA3A790C-911E-441B-B9C6-4D45DCB9882E} = {E462D3D8-0715-45C9-869C-F1FA8CD2F5CD}
		{7F30866A-1B8B-40F1-8960-0E203EEDE225} = {BA55B5E5-B0FD-465F-93F2-D73BD193AC86}
		{97B9EDBF-3152-47DB-8240-69818972E177} = {BA55B5E5-B0FD-465F-93F2-D73BD193AC86}
		{624F7C3F-0557-4FA6-A915-C99C5A40A851} = {BA55B5E5-B0FD-465F-93F2-D73BD193AC86}
		{A19F5B25-6318-4323-93C8-B27F0343E582} = {BA55B5E5-B0FD-465F-93F2-D73BD193AC86}
		{55D59483-E493-40CA-9FD6-538063647F38} = {BA55B5E5-B0FD-465F-93F2-D73BD193AC86}
		{58AAB72D-86B3-4445-B25E-62D6A7FF1237} = {BA55B5E5-B0FD-465F-93F2-D73BD193AC86}
		{4AEB033D-D953-4E02-9274-CB44160E6B7F} = {58AAB72D-86B3-4445-B25E-62D6A7FF1237}
		{F6C012F1-F0BC-4B65-999D-8939DA4B2DD5} = {58AAB72D-86B3-4445-B25E-62D6A7FF1237}
		{A52280CD-3CC4-452A-8C11-67E440E0262F} = {58AAB72D-86B3-4445-B25E-62D6A7FF1237}
		{987845C6-3389-4D18-9E1D-43CB0414573E} = {BA55B5E5-B0FD-465F-93F2-D73BD193AC86}
		{2CBE1772-D2A2-40A5-8014-81904AAB9781} = {BA55B5E5-B0FD-465F-93F2-D73BD193AC86}
		{4994D068-6E18-414B-8FBF-A035EC46CCEE} = {F41D7322-8267-4A9A-866D-6517616A5996}
		{124A215F-69B4-4310-98DE-209FAFE16D44} = {BA55B5E5-B0FD-465F-93F2-D73BD193AC86}
		{5A7AE896-F7D0-4300-831B-CDD21A770E21} = {E462D3D8-0715-45C9-869C-F1FA8CD2F5CD}
		{4D175C74-23CC-45DB-8225-537DB7E33142} = {E462D3D8-0715-45C9-869C-F1FA8CD2F5CD}
		{394BC9B7-DB38-4172-9B2C-60918E87B763} = {BA55B5E5-B0FD-465F-93F2-D73BD193AC86}
		{BE9297C1-8920-433D-8DCC-1D7C4F7B155D} = {BA55B5E5-B0FD-465F-93F2-D73BD193AC86}
		{2A4067D3-D380-492B-946B-E7F221259439} = {BA55B5E5-B0FD-465F-93F2-D73BD193AC86}
		{0F9AA09D-DCF3-41DE-8028-61735024FE80} = {E462D3D8-0715-45C9-869C-F1FA8CD2F5CD}
		{5837FDE8-4B7C-431B-9402-3D8019F7BF37} = {BA55B5E5-B0FD-465F-93F2-D73BD193AC86}
		{D2625C46-77D9-4D75-BDCD-EA7D402D33F6} = {BA55B5E5-B0FD-465F-93F2-D73BD193AC86}
		{9F4A6B41-3465-4086-A1E2-023699B3F2EE} = {BA55B5E5-B0FD-465F-93F2-D73BD193AC86}
		{558ED2D2-7FB3-4EEC-B280-46DECBE4EC3C} = {BA55B5E5-B0FD-465F-93F2-D73BD193AC86}
		{6D058450-09B2-4D25-903F-9AE3A75DF066} = {BA55B5E5-B0FD-465F-93F2-D73BD193AC86}
	EndGlobalSection
	GlobalSection(ExtensibilityGlobals) = postSolution
		SolutionGuid = {CECC9C6B-8041-49A1-B7FD-DC89264B7393}
	EndGlobalSection
EndGlobal
