
GITHUB
  remote: IllusionMods/IllusionLibs
    FULLPROJECT (41b44f832f3fa71f4d1b92d56040d6c67940ec91)
    FULLPROJECT (41b44f832f3fa71f4d1b92d56040d6c67940ec91)
    FULLPROJECT (41b44f832f3fa71f4d1b92d56040d6c67940ec91)
    FULLPROJECT (41b44f832f3fa71f4d1b92d56040d6c67940ec91)
    FULLPROJECT (41b44f832f3fa71f4d1b92d56040d6c67940ec91)
    FULLPROJECT (41b44f832f3fa71f4d1b92d56040d6c67940ec91)
  remote: IllusionMods/BepisPlugins
    FULLPROJECT (2e4476d714fc0f023fe3436a3088fc17e2d347c6)
    FULLPROJECT (2e4476d714fc0f023fe3436a3088fc17e2d347c6)
  remote: BepInEx/BepInEx.ConfigurationManager
    FULLPROJECT (522da1674e1748437a6b61b75f5d86c2c8f3fa11)
    FULLPROJECT (522da1674e1748437a6b61b75f5d86c2c8f3fa11)
  remote: ManlyMarco/IllusionModdingAPI
    FULLPROJECT (0585c2dd28a9b3862f0ae0d6884e07e84107fcbe)