
GITHUB
  remote: IllusionMods/IllusionLibs
    FULLPROJECT (ae921e3f5b87014b6ad8e13424a3d485bb079b77)
    FULLPROJECT (ae921e3f5b87014b6ad8e13424a3d485bb079b77)
  remote: Keelhauled/KKAPI
    FULLPROJECT (91e8d39839f159d5fed46d972fa463b3ab38c70b)
  remote: IllusionMods/BepisPlugins
    FULLPROJECT (290cded6e7916286bed82685c08c9cad1e329d84)
    FULLPROJECT (290cded6e7916286bed82685c08c9cad1e329d84)