
GITHUB
  remote: IllusionMods/IllusionLibs
    FULLPROJECT (41b44f832f3fa71f4d1b92d56040d6c67940ec91)
    FULLPROJECT (41b44f832f3fa71f4d1b92d56040d6c67940ec91)
    FULLPROJECT (41b44f832f3fa71f4d1b92d56040d6c67940ec91)
    FULLPROJECT (41b44f832f3fa71f4d1b92d56040d6c67940ec91)
  remote: IllusionMods/ExtensibleSaveFormat
    FULLPROJECT (2fb6489efd496563ab3d398cb53950439075d533)
    FULLPROJECT (2fb6489efd496563ab3d398cb53950439075d533)
  remote: Keelhauled/KKAPI
    FULLPROJECT (97a8c9567b6ace8a6d71e2ac9d58d384f79d9782)